{
  "version": 4,
  "terraform_version": "1.12.2",
  "serial": 64,
  "lineage": "dc1b3776-1393-e6f1-a64d-e5e3da52aab9",
  "outputs": {},
  "resources": [
    {
      "mode": "managed",
      "type": "azurerm_app_service_custom_hostname_binding",
      "name": "res-695",
      "provider": "provider[\"registry.terraform.io/hashicorp/azurerm\"]",
      "instances": [
        {
          "schema_version": 0,
          "attributes": {
            "app_service_name": "ProjectDemoApi",
            "hostname": "projectdemoapi-hfdecyeea8gyacbg.eastus2-01.azurewebsites.net",
            "id": "/subscriptions/c2a2f372-d73c-426e-985d-aeeb69f56647/resourceGroups/RG-ProjectDemo-Dev/providers/Microsoft.Web/sites/ProjectDemoApi/hostNameBindings/projectdemoapi-hfdecyeea8gyacbg.eastus2-01.azurewebsites.net",
            "resource_group_name": "RG-ProjectDemo-Dev",
            "ssl_state": "",
            "thumbprint": "",
            "timeouts": null,
            "virtual_ip": ""
          },
          "sensitive_attributes": [],
          "identity_schema_version": 0,
          "private": "eyJlMmJmYjczMC1lY2FhLTExZTYtOGY4OC0zNDM2M2JjN2M0YzAiOnsiY3JlYXRlIjoxODAwMDAwMDAwMDAwLCJkZWxldGUiOjE4MDAwMDAwMDAwMDAsInJlYWQiOjMwMDAwMDAwMDAwMH0sInNjaGVtYV92ZXJzaW9uIjoiMCJ9"
        }
      ]
    },
    {
      "mode": "managed",
      "type": "azurerm_application_insights",
      "name": "res-697",
      "provider": "provider[\"registry.terraform.io/hashicorp/azurerm\"]",
      "instances": [
        {
          "schema_version": 2,
          "attributes": {
            "app_id": "216cb555-6a68-45cd-8fc9-1e4c8f915d4c",
            "application_type": "web",
            "connection_string": "InstrumentationKey=d0f5754e-4b06-4d13-a61e-78b7baf34c1f;IngestionEndpoint=https://eastus-8.in.applicationinsights.azure.com/;LiveEndpoint=https://eastus.livediagnostics.monitor.azure.com/;ApplicationId=216cb555-6a68-45cd-8fc9-1e4c8f915d4c",
            "daily_data_cap_in_gb": 100,
            "daily_data_cap_notifications_disabled": false,
            "disable_ip_masking": false,
            "force_customer_storage_for_profiler": false,
            "id": "/subscriptions/c2a2f372-d73c-426e-985d-aeeb69f56647/resourceGroups/RG-ProjectDemo-Dev/providers/Microsoft.Insights/components/ProjectDemo-AppInsights",
            "instrumentation_key": "d0f5754e-4b06-4d13-a61e-78b7baf34c1f",
            "internet_ingestion_enabled": true,
            "internet_query_enabled": true,
            "local_authentication_disabled": false,
            "location": "eastus",
            "name": "ProjectDemo-AppInsights",
            "resource_group_name": "RG-ProjectDemo-Dev",
            "retention_in_days": 90,
            "sampling_percentage": 0,
            "tags": {},
            "timeouts": null,
            "workspace_id": "/subscriptions/c2a2f372-d73c-426e-985d-aeeb69f56647/resourceGroups/DefaultResourceGroup-EUS/providers/Microsoft.OperationalInsights/workspaces/DefaultWorkspace-c2a2f372-d73c-426e-985d-aeeb69f56647-EUS"
          },
          "sensitive_attributes": [
            [
              {
                "type": "get_attr",
                "value": "connection_string"
              }
            ],
            [
              {
                "type": "get_attr",
                "value": "instrumentation_key"
              }
            ]
          ],
          "identity_schema_version": 0,
          "private": "eyJlMmJmYjczMC1lY2FhLTExZTYtOGY4OC0zNDM2M2JjN2M0YzAiOnsiY3JlYXRlIjozNjAwMDAwMDAwMDAwLCJkZWxldGUiOjE4MDAwMDAwMDAwMDAsInJlYWQiOjMwMDAwMDAwMDAwMCwidXBkYXRlIjoxODAwMDAwMDAwMDAwfSwic2NoZW1hX3ZlcnNpb24iOiIyIn0="
        }
      ]
    },
    {
      "mode": "managed",
      "type": "azurerm_key_vault",
      "name": "res-1",
      "provider": "provider[\"registry.terraform.io/hashicorp/azurerm\"]",
      "instances": [
        {
          "schema_version": 2,
          "attributes": {
            "access_policy": [],
            "contact": [],
            "enable_rbac_authorization": true,
            "enabled_for_deployment": false,
            "enabled_for_disk_encryption": false,
            "enabled_for_template_deployment": false,
            "id": "/subscriptions/c2a2f372-d73c-426e-985d-aeeb69f56647/resourceGroups/RG-ProjectDemo-Dev/providers/Microsoft.KeyVault/vaults/projectdemo-dev",
            "location": "eastus",
            "name": "projectdemo-dev",
            "network_acls": [
              {
                "bypass": "None",
                "default_action": "Allow",
                "ip_rules": [],
                "virtual_network_subnet_ids": []
              }
            ],
            "public_network_access_enabled": true,
            "purge_protection_enabled": false,
            "resource_group_name": "RG-ProjectDemo-Dev",
            "sku_name": "standard",
            "soft_delete_retention_days": 90,
            "tags": {},
            "tenant_id": "73bf9c05-bd27-4332-a610-bb1a50300369",
            "timeouts": null,
            "vault_uri": "https://projectdemo-dev.vault.azure.net/"
          },
          "sensitive_attributes": [],
          "identity_schema_version": 0,
          "private": "eyJlMmJmYjczMC1lY2FhLTExZTYtOGY4OC0zNDM2M2JjN2M0YzAiOnsiY3JlYXRlIjoxODAwMDAwMDAwMDAwLCJkZWxldGUiOjE4MDAwMDAwMDAwMDAsInJlYWQiOjMwMDAwMDAwMDAwMCwidXBkYXRlIjoxODAwMDAwMDAwMDAwfSwic2NoZW1hX3ZlcnNpb24iOiIyIn0="
        }
      ]
    },
    {
      "mode": "managed",
      "type": "azurerm_key_vault",
      "name": "res-5",
      "provider": "provider[\"registry.terraform.io/hashicorp/azurerm\"]",
      "instances": [
        {
          "schema_version": 2,
          "attributes": {
            "access_policy": [],
            "contact": [],
            "enable_rbac_authorization": true,
            "enabled_for_deployment": false,
            "enabled_for_disk_encryption": false,
            "enabled_for_template_deployment": false,
            "id": "/subscriptions/c2a2f372-d73c-426e-985d-aeeb69f56647/resourceGroups/RG-ProjectDemo-Dev/providers/Microsoft.KeyVault/vaults/projectdemo-local",
            "location": "eastus",
            "name": "projectdemo-local",
            "network_acls": [
              {
                "bypass": "None",
                "default_action": "Allow",
                "ip_rules": [],
                "virtual_network_subnet_ids": []
              }
            ],
            "public_network_access_enabled": true,
            "purge_protection_enabled": false,
            "resource_group_name": "RG-ProjectDemo-Dev",
            "sku_name": "standard",
            "soft_delete_retention_days": 90,
            "tags": {},
            "tenant_id": "73bf9c05-bd27-4332-a610-bb1a50300369",
            "timeouts": null,
            "vault_uri": "https://projectdemo-local.vault.azure.net/"
          },
          "sensitive_attributes": [],
          "identity_schema_version": 0,
          "private": "eyJlMmJmYjczMC1lY2FhLTExZTYtOGY4OC0zNDM2M2JjN2M0YzAiOnsiY3JlYXRlIjoxODAwMDAwMDAwMDAwLCJkZWxldGUiOjE4MDAwMDAwMDAwMDAsInJlYWQiOjMwMDAwMDAwMDAwMCwidXBkYXRlIjoxODAwMDAwMDAwMDAwfSwic2NoZW1hX3ZlcnNpb24iOiIyIn0="
        }
      ]
    },
    {
      "mode": "managed",
      "type": "azurerm_key_vault_secret",
      "name": "res-2",
      "provider": "provider[\"registry.terraform.io/hashicorp/azurerm\"]",
      "instances": [
        {
          "schema_version": 0,
          "attributes": {
            "content_type": "",
            "expiration_date": null,
            "id": "https://projectdemo-dev.vault.azure.net/secrets/jwtAudience/29cbac7b8a1442138ee1c6b9f9158790",
            "key_vault_id": "/subscriptions/c2a2f372-d73c-426e-985d-aeeb69f56647/resourceGroups/RG-ProjectDemo-Dev/providers/Microsoft.KeyVault/vaults/projectdemo-dev",
            "name": "jwtAudience",
            "not_before_date": null,
            "resource_id": "/subscriptions/c2a2f372-d73c-426e-985d-aeeb69f56647/resourceGroups/RG-ProjectDemo-Dev/providers/Microsoft.KeyVault/vaults/projectdemo-dev/secrets/jwtAudience/versions/29cbac7b8a1442138ee1c6b9f9158790",
            "resource_versionless_id": "/subscriptions/c2a2f372-d73c-426e-985d-aeeb69f56647/resourceGroups/RG-ProjectDemo-Dev/providers/Microsoft.KeyVault/vaults/projectdemo-dev/secrets/jwtAudience",
            "tags": {},
            "timeouts": null,
            "value": "https://projectdemoapi-hfdecyeea8gyacbg.eastus2-01.azurewebsites.net",
            "value_wo": null,
            "value_wo_version": 0,
            "version": "29cbac7b8a1442138ee1c6b9f9158790",
            "versionless_id": "https://projectdemo-dev.vault.azure.net/secrets/jwtAudience"
          },
          "sensitive_attributes": [
            [
              {
                "type": "get_attr",
                "value": "value"
              }
            ]
          ],
          "identity_schema_version": 0,
          "private": "eyJlMmJmYjczMC1lY2FhLTExZTYtOGY4OC0zNDM2M2JjN2M0YzAiOnsiY3JlYXRlIjoxODAwMDAwMDAwMDAwLCJkZWxldGUiOjE4MDAwMDAwMDAwMDAsInJlYWQiOjE4MDAwMDAwMDAwMDAsInVwZGF0ZSI6MTgwMDAwMDAwMDAwMH0sInNjaGVtYV92ZXJzaW9uIjoiMCJ9"
        }
      ]
    },
    {
      "mode": "managed",
      "type": "azurerm_key_vault_secret",
      "name": "res-3",
      "provider": "provider[\"registry.terraform.io/hashicorp/azurerm\"]",
      "instances": [
        {
          "schema_version": 0,
          "attributes": {
            "content_type": "",
            "expiration_date": null,
            "id": "https://projectdemo-dev.vault.azure.net/secrets/jwtIssuer/5de9475d5e644e6e8002c4c615863851",
            "key_vault_id": "/subscriptions/c2a2f372-d73c-426e-985d-aeeb69f56647/resourceGroups/RG-ProjectDemo-Dev/providers/Microsoft.KeyVault/vaults/projectdemo-dev",
            "name": "jwtIssuer",
            "not_before_date": null,
            "resource_id": "/subscriptions/c2a2f372-d73c-426e-985d-aeeb69f56647/resourceGroups/RG-ProjectDemo-Dev/providers/Microsoft.KeyVault/vaults/projectdemo-dev/secrets/jwtIssuer/versions/5de9475d5e644e6e8002c4c615863851",
            "resource_versionless_id": "/subscriptions/c2a2f372-d73c-426e-985d-aeeb69f56647/resourceGroups/RG-ProjectDemo-Dev/providers/Microsoft.KeyVault/vaults/projectdemo-dev/secrets/jwtIssuer",
            "tags": {},
            "timeouts": null,
            "value": "https://identity-api.azurewebsites.net",
            "value_wo": null,
            "value_wo_version": 0,
            "version": "5de9475d5e644e6e8002c4c615863851",
            "versionless_id": "https://projectdemo-dev.vault.azure.net/secrets/jwtIssuer"
          },
          "sensitive_attributes": [
            [
              {
                "type": "get_attr",
                "value": "value"
              }
            ]
          ],
          "identity_schema_version": 0,
          "private": "eyJlMmJmYjczMC1lY2FhLTExZTYtOGY4OC0zNDM2M2JjN2M0YzAiOnsiY3JlYXRlIjoxODAwMDAwMDAwMDAwLCJkZWxldGUiOjE4MDAwMDAwMDAwMDAsInJlYWQiOjE4MDAwMDAwMDAwMDAsInVwZGF0ZSI6MTgwMDAwMDAwMDAwMH0sInNjaGVtYV92ZXJzaW9uIjoiMCJ9"
        }
      ]
    },
    {
      "mode": "managed",
      "type": "azurerm_key_vault_secret",
      "name": "res-4",
      "provider": "provider[\"registry.terraform.io/hashicorp/azurerm\"]",
      "instances": [
        {
          "schema_version": 0,
          "attributes": {
            "content_type": "",
            "expiration_date": null,
            "id": "https://projectdemo-dev.vault.azure.net/secrets/jwtSigningKey/59dc3d2899e74192a4524b806c341e91",
            "key_vault_id": "/subscriptions/c2a2f372-d73c-426e-985d-aeeb69f56647/resourceGroups/RG-ProjectDemo-Dev/providers/Microsoft.KeyVault/vaults/projectdemo-dev",
            "name": "jwtSigningKey",
            "not_before_date": null,
            "resource_id": "/subscriptions/c2a2f372-d73c-426e-985d-aeeb69f56647/resourceGroups/RG-ProjectDemo-Dev/providers/Microsoft.KeyVault/vaults/projectdemo-dev/secrets/jwtSigningKey/versions/59dc3d2899e74192a4524b806c341e91",
            "resource_versionless_id": "/subscriptions/c2a2f372-d73c-426e-985d-aeeb69f56647/resourceGroups/RG-ProjectDemo-Dev/providers/Microsoft.KeyVault/vaults/projectdemo-dev/secrets/jwtSigningKey",
            "tags": {},
            "timeouts": null,
            "value": "QWxhZGRpbpoisgTjpvcGVuIHNlc2FtZQ==",
            "value_wo": null,
            "value_wo_version": 0,
            "version": "59dc3d2899e74192a4524b806c341e91",
            "versionless_id": "https://projectdemo-dev.vault.azure.net/secrets/jwtSigningKey"
          },
          "sensitive_attributes": [
            [
              {
                "type": "get_attr",
                "value": "value"
              }
            ]
          ],
          "identity_schema_version": 0,
          "private": "eyJlMmJmYjczMC1lY2FhLTExZTYtOGY4OC0zNDM2M2JjN2M0YzAiOnsiY3JlYXRlIjoxODAwMDAwMDAwMDAwLCJkZWxldGUiOjE4MDAwMDAwMDAwMDAsInJlYWQiOjE4MDAwMDAwMDAwMDAsInVwZGF0ZSI6MTgwMDAwMDAwMDAwMH0sInNjaGVtYV92ZXJzaW9uIjoiMCJ9"
        }
      ]
    },
    {
      "mode": "managed",
      "type": "azurerm_key_vault_secret",
      "name": "res-6",
      "provider": "provider[\"registry.terraform.io/hashicorp/azurerm\"]",
      "instances": [
        {
          "schema_version": 0,
          "attributes": {
            "content_type": "",
            "expiration_date": null,
            "id": "https://projectdemo-local.vault.azure.net/secrets/JwtAudience/360adc417fca4721973553d037a0cf09",
            "key_vault_id": "/subscriptions/c2a2f372-d73c-426e-985d-aeeb69f56647/resourceGroups/RG-ProjectDemo-Dev/providers/Microsoft.KeyVault/vaults/projectdemo-local",
            "name": "JwtAudience",
            "not_before_date": null,
            "resource_id": "/subscriptions/c2a2f372-d73c-426e-985d-aeeb69f56647/resourceGroups/RG-ProjectDemo-Dev/providers/Microsoft.KeyVault/vaults/projectdemo-local/secrets/JwtAudience/versions/360adc417fca4721973553d037a0cf09",
            "resource_versionless_id": "/subscriptions/c2a2f372-d73c-426e-985d-aeeb69f56647/resourceGroups/RG-ProjectDemo-Dev/providers/Microsoft.KeyVault/vaults/projectdemo-local/secrets/JwtAudience",
            "tags": {},
            "timeouts": null,
            "value": "https://localhost:7200",
            "value_wo": null,
            "value_wo_version": 0,
            "version": "360adc417fca4721973553d037a0cf09",
            "versionless_id": "https://projectdemo-local.vault.azure.net/secrets/JwtAudience"
          },
          "sensitive_attributes": [
            [
              {
                "type": "get_attr",
                "value": "value"
              }
            ]
          ],
          "identity_schema_version": 0,
          "private": "eyJlMmJmYjczMC1lY2FhLTExZTYtOGY4OC0zNDM2M2JjN2M0YzAiOnsiY3JlYXRlIjoxODAwMDAwMDAwMDAwLCJkZWxldGUiOjE4MDAwMDAwMDAwMDAsInJlYWQiOjE4MDAwMDAwMDAwMDAsInVwZGF0ZSI6MTgwMDAwMDAwMDAwMH0sInNjaGVtYV92ZXJzaW9uIjoiMCJ9"
        }
      ]
    },
    {
      "mode": "managed",
      "type": "azurerm_key_vault_secret",
      "name": "res-7",
      "provider": "provider[\"registry.terraform.io/hashicorp/azurerm\"]",
      "instances": [
        {
          "schema_version": 0,
          "attributes": {
            "content_type": "",
            "expiration_date": null,
            "id": "https://projectdemo-local.vault.azure.net/secrets/JwtIssuer/77e008b00c3b4dcf82eeaccef7d2e90f",
            "key_vault_id": "/subscriptions/c2a2f372-d73c-426e-985d-aeeb69f56647/resourceGroups/RG-ProjectDemo-Dev/providers/Microsoft.KeyVault/vaults/projectdemo-local",
            "name": "JwtIssuer",
            "not_before_date": null,
            "resource_id": "/subscriptions/c2a2f372-d73c-426e-985d-aeeb69f56647/resourceGroups/RG-ProjectDemo-Dev/providers/Microsoft.KeyVault/vaults/projectdemo-local/secrets/JwtIssuer/versions/77e008b00c3b4dcf82eeaccef7d2e90f",
            "resource_versionless_id": "/subscriptions/c2a2f372-d73c-426e-985d-aeeb69f56647/resourceGroups/RG-ProjectDemo-Dev/providers/Microsoft.KeyVault/vaults/projectdemo-local/secrets/JwtIssuer",
            "tags": {},
            "timeouts": null,
            "value": "https://localhost:7209",
            "value_wo": null,
            "value_wo_version": 0,
            "version": "77e008b00c3b4dcf82eeaccef7d2e90f",
            "versionless_id": "https://projectdemo-local.vault.azure.net/secrets/JwtIssuer"
          },
          "sensitive_attributes": [
            [
              {
                "type": "get_attr",
                "value": "value"
              }
            ]
          ],
          "identity_schema_version": 0,
          "private": "eyJlMmJmYjczMC1lY2FhLTExZTYtOGY4OC0zNDM2M2JjN2M0YzAiOnsiY3JlYXRlIjoxODAwMDAwMDAwMDAwLCJkZWxldGUiOjE4MDAwMDAwMDAwMDAsInJlYWQiOjE4MDAwMDAwMDAwMDAsInVwZGF0ZSI6MTgwMDAwMDAwMDAwMH0sInNjaGVtYV92ZXJzaW9uIjoiMCJ9"
        }
      ]
    },
    {
      "mode": "managed",
      "type": "azurerm_key_vault_secret",
      "name": "res-8",
      "provider": "provider[\"registry.terraform.io/hashicorp/azurerm\"]",
      "instances": [
        {
          "schema_version": 0,
          "attributes": {
            "content_type": "",
            "expiration_date": null,
            "id": "https://projectdemo-local.vault.azure.net/secrets/JwtSigningKey/096d4ffbf6f844f6b5bea4afde7b5a48",
            "key_vault_id": "/subscriptions/c2a2f372-d73c-426e-985d-aeeb69f56647/resourceGroups/RG-ProjectDemo-Dev/providers/Microsoft.KeyVault/vaults/projectdemo-local",
            "name": "JwtSigningKey",
            "not_before_date": null,
            "resource_id": "/subscriptions/c2a2f372-d73c-426e-985d-aeeb69f56647/resourceGroups/RG-ProjectDemo-Dev/providers/Microsoft.KeyVault/vaults/projectdemo-local/secrets/JwtSigningKey/versions/096d4ffbf6f844f6b5bea4afde7b5a48",
            "resource_versionless_id": "/subscriptions/c2a2f372-d73c-426e-985d-aeeb69f56647/resourceGroups/RG-ProjectDemo-Dev/providers/Microsoft.KeyVault/vaults/projectdemo-local/secrets/JwtSigningKey",
            "tags": {},
            "timeouts": null,
            "value": "QWxhZGRpbpoisgTjpvcGVuIHNlc2FtZQ==",
            "value_wo": null,
            "value_wo_version": 0,
            "version": "096d4ffbf6f844f6b5bea4afde7b5a48",
            "versionless_id": "https://projectdemo-local.vault.azure.net/secrets/JwtSigningKey"
          },
          "sensitive_attributes": [
            [
              {
                "type": "get_attr",
                "value": "value"
              }
            ]
          ],
          "identity_schema_version": 0,
          "private": "eyJlMmJmYjczMC1lY2FhLTExZTYtOGY4OC0zNDM2M2JjN2M0YzAiOnsiY3JlYXRlIjoxODAwMDAwMDAwMDAwLCJkZWxldGUiOjE4MDAwMDAwMDAwMDAsInJlYWQiOjE4MDAwMDAwMDAwMDAsInVwZGF0ZSI6MTgwMDAwMDAwMDAwMH0sInNjaGVtYV92ZXJzaW9uIjoiMCJ9"
        }
      ]
    },
    {
      "mode": "managed",
      "type": "azurerm_log_analytics_saved_search",
      "name": "res-10",
      "provider": "provider[\"registry.terraform.io/hashicorp/azurerm\"]",
      "instances": [
        {
          "schema_version": 1,
          "attributes": {
            "category": "General Exploration",
            "display_name": "Stale Computers (data older than 24 hours)",
            "function_alias": "",
            "function_parameters": [],
            "id": "/subscriptions/c2a2f372-d73c-426e-985d-aeeb69f56647/resourceGroups/RG-ProjectDemo-Dev/providers/Microsoft.OperationalInsights/workspaces/DefaultWorkspace-c2a2f372-d73c-426e-985d-aeeb69f56647-EUS/savedSearches/LogManagement(DefaultWorkspace-c2a2f372-d73c-426e-985d-aeeb69f56647-EUS)_General|StaleComputers",
            "log_analytics_workspace_id": "/subscriptions/c2a2f372-d73c-426e-985d-aeeb69f56647/resourceGroups/RG-ProjectDemo-Dev/providers/Microsoft.OperationalInsights/workspaces/DefaultWorkspace-c2a2f372-d73c-426e-985d-aeeb69f56647-EUS",
            "name": "LogManagement(DefaultWorkspace-c2a2f372-d73c-426e-985d-aeeb69f56647-EUS)_General|StaleComputers",
            "query": "search not(ObjectName == \"Advisor Metrics\" or ObjectName == \"ManagedSpace\") | summarize lastdata = max(TimeGenerated) by Computer | limit 500000 | where lastdata \u003c ago(24h)\r\n// Oql: NOT(ObjectName=\"Advisor Metrics\" OR ObjectName=ManagedSpace) | measure max(TimeGenerated) as lastdata by Computer | top 500000 | where lastdata \u003c NOW-24HOURS // Args: {OQ: True; WorkspaceId: 00000000-0000-0000-0000-000000000000} // Settings: {PTT: True; SortI: True; SortF: True} // Version: 0.1.122",
            "tags": {},
            "timeouts": null
          },
          "sensitive_attributes": [],
          "identity_schema_version": 0,
          "private": "eyJlMmJmYjczMC1lY2FhLTExZTYtOGY4OC0zNDM2M2JjN2M0YzAiOnsiY3JlYXRlIjoxODAwMDAwMDAwMDAwLCJkZWxldGUiOjE4MDAwMDAwMDAwMDAsInJlYWQiOjMwMDAwMDAwMDAwMH0sInNjaGVtYV92ZXJzaW9uIjoiMSJ9"
        }
      ]
    },
    {
      "mode": "managed",
      "type": "azurerm_log_analytics_saved_search",
      "name": "res-11",
      "provider": "provider[\"registry.terraform.io/hashicorp/azurerm\"]",
      "instances": [
        {
          "schema_version": 1,
          "attributes": {
            "category": "General Exploration",
            "display_name": "Which Management Group is generating the most data points?",
            "function_alias": "",
            "function_parameters": [],
            "id": "/subscriptions/c2a2f372-d73c-426e-985d-aeeb69f56647/resourceGroups/RG-ProjectDemo-Dev/providers/Microsoft.OperationalInsights/workspaces/DefaultWorkspace-c2a2f372-d73c-426e-985d-aeeb69f56647-EUS/savedSearches/LogManagement(DefaultWorkspace-c2a2f372-d73c-426e-985d-aeeb69f56647-EUS)_General|dataPointsPerManagementGroup",
            "log_analytics_workspace_id": "/subscriptions/c2a2f372-d73c-426e-985d-aeeb69f56647/resourceGroups/RG-ProjectDemo-Dev/providers/Microsoft.OperationalInsights/workspaces/DefaultWorkspace-c2a2f372-d73c-426e-985d-aeeb69f56647-EUS",
            "name": "LogManagement(DefaultWorkspace-c2a2f372-d73c-426e-985d-aeeb69f56647-EUS)_General|dataPointsPerManagementGroup",
            "query": "search * | summarize AggregatedValue = count() by ManagementGroupName\r\n// Oql: * | Measure count() by ManagementGroupName // Args: {OQ: True; WorkspaceId: 00000000-0000-0000-0000-000000000000} // Settings: {PTT: True; SortI: True; SortF: True} // Version: 0.1.122",
            "tags": {},
            "timeouts": null
          },
          "sensitive_attributes": [],
          "identity_schema_version": 0,
          "private": "eyJlMmJmYjczMC1lY2FhLTExZTYtOGY4OC0zNDM2M2JjN2M0YzAiOnsiY3JlYXRlIjoxODAwMDAwMDAwMDAwLCJkZWxldGUiOjE4MDAwMDAwMDAwMDAsInJlYWQiOjMwMDAwMDAwMDAwMH0sInNjaGVtYV92ZXJzaW9uIjoiMSJ9"
        }
      ]
    },
    {
      "mode": "managed",
      "type": "azurerm_log_analytics_saved_search",
      "name": "res-12",
      "provider": "provider[\"registry.terraform.io/hashicorp/azurerm\"]",
      "instances": [
        {
          "schema_version": 1,
          "attributes": {
            "category": "General Exploration",
            "display_name": "Distribution of data Types",
            "function_alias": "",
            "function_parameters": [],
            "id": "/subscriptions/c2a2f372-d73c-426e-985d-aeeb69f56647/resourceGroups/RG-ProjectDemo-Dev/providers/Microsoft.OperationalInsights/workspaces/DefaultWorkspace-c2a2f372-d73c-426e-985d-aeeb69f56647-EUS/savedSearches/LogManagement(DefaultWorkspace-c2a2f372-d73c-426e-985d-aeeb69f56647-EUS)_General|dataTypeDistribution",
            "log_analytics_workspace_id": "/subscriptions/c2a2f372-d73c-426e-985d-aeeb69f56647/resourceGroups/RG-ProjectDemo-Dev/providers/Microsoft.OperationalInsights/workspaces/DefaultWorkspace-c2a2f372-d73c-426e-985d-aeeb69f56647-EUS",
            "name": "LogManagement(DefaultWorkspace-c2a2f372-d73c-426e-985d-aeeb69f56647-EUS)_General|dataTypeDistribution",
            "query": "search * | extend Type = $table | summarize AggregatedValue = count() by Type\r\n// Oql: * | Measure count() by Type // Args: {OQ: True; WorkspaceId: 00000000-0000-0000-0000-000000000000} // Settings: {PTT: True; SortI: True; SortF: True} // Version: 0.1.122",
            "tags": {},
            "timeouts": null
          },
          "sensitive_attributes": [],
          "identity_schema_version": 0,
          "private": "eyJlMmJmYjczMC1lY2FhLTExZTYtOGY4OC0zNDM2M2JjN2M0YzAiOnsiY3JlYXRlIjoxODAwMDAwMDAwMDAwLCJkZWxldGUiOjE4MDAwMDAwMDAwMDAsInJlYWQiOjMwMDAwMDAwMDAwMH0sInNjaGVtYV92ZXJzaW9uIjoiMSJ9"
        }
      ]
    },
    {
      "mode": "managed",
      "type": "azurerm_log_analytics_saved_search",
      "name": "res-13",
      "provider": "provider[\"registry.terraform.io/hashicorp/azurerm\"]",
      "instances": [
        {
          "schema_version": 1,
          "attributes": {
            "category": "Log Management",
            "display_name": "All Events",
            "function_alias": "",
            "function_parameters": [],
            "id": "/subscriptions/c2a2f372-d73c-426e-985d-aeeb69f56647/resourceGroups/RG-ProjectDemo-Dev/providers/Microsoft.OperationalInsights/workspaces/DefaultWorkspace-c2a2f372-d73c-426e-985d-aeeb69f56647-EUS/savedSearches/LogManagement(DefaultWorkspace-c2a2f372-d73c-426e-985d-aeeb69f56647-EUS)_LogManagement|AllEvents",
            "log_analytics_workspace_id": "/subscriptions/c2a2f372-d73c-426e-985d-aeeb69f56647/resourceGroups/RG-ProjectDemo-Dev/providers/Microsoft.OperationalInsights/workspaces/DefaultWorkspace-c2a2f372-d73c-426e-985d-aeeb69f56647-EUS",
            "name": "LogManagement(DefaultWorkspace-c2a2f372-d73c-426e-985d-aeeb69f56647-EUS)_LogManagement|AllEvents",
            "query": "Event | sort by TimeGenerated desc\r\n// Oql: Type=Event // Args: {OQ: True; WorkspaceId: 00000000-0000-0000-0000-000000000000} // Settings: {PTT: True; SortI: True; SortF: True} // Version: 0.1.122",
            "tags": {},
            "timeouts": null
          },
          "sensitive_attributes": [],
          "identity_schema_version": 0,
          "private": "eyJlMmJmYjczMC1lY2FhLTExZTYtOGY4OC0zNDM2M2JjN2M0YzAiOnsiY3JlYXRlIjoxODAwMDAwMDAwMDAwLCJkZWxldGUiOjE4MDAwMDAwMDAwMDAsInJlYWQiOjMwMDAwMDAwMDAwMH0sInNjaGVtYV92ZXJzaW9uIjoiMSJ9"
        }
      ]
    },
    {
      "mode": "managed",
      "type": "azurerm_log_analytics_saved_search",
      "name": "res-14",
      "provider": "provider[\"registry.terraform.io/hashicorp/azurerm\"]",
      "instances": [
        {
          "schema_version": 1,
          "attributes": {
            "category": "Log Management",
            "display_name": "All Syslogs",
            "function_alias": "",
            "function_parameters": [],
            "id": "/subscriptions/c2a2f372-d73c-426e-985d-aeeb69f56647/resourceGroups/RG-ProjectDemo-Dev/providers/Microsoft.OperationalInsights/workspaces/DefaultWorkspace-c2a2f372-d73c-426e-985d-aeeb69f56647-EUS/savedSearches/LogManagement(DefaultWorkspace-c2a2f372-d73c-426e-985d-aeeb69f56647-EUS)_LogManagement|AllSyslog",
            "log_analytics_workspace_id": "/subscriptions/c2a2f372-d73c-426e-985d-aeeb69f56647/resourceGroups/RG-ProjectDemo-Dev/providers/Microsoft.OperationalInsights/workspaces/DefaultWorkspace-c2a2f372-d73c-426e-985d-aeeb69f56647-EUS",
            "name": "LogManagement(DefaultWorkspace-c2a2f372-d73c-426e-985d-aeeb69f56647-EUS)_LogManagement|AllSyslog",
            "query": "Syslog | sort by TimeGenerated desc\r\n// Oql: Type=Syslog // Args: {OQ: True; WorkspaceId: 00000000-0000-0000-0000-000000000000} // Settings: {PTT: True; SortI: True; SortF: True} // Version: 0.1.122",
            "tags": {},
            "timeouts": null
          },
          "sensitive_attributes": [],
          "identity_schema_version": 0,
          "private": "eyJlMmJmYjczMC1lY2FhLTExZTYtOGY4OC0zNDM2M2JjN2M0YzAiOnsiY3JlYXRlIjoxODAwMDAwMDAwMDAwLCJkZWxldGUiOjE4MDAwMDAwMDAwMDAsInJlYWQiOjMwMDAwMDAwMDAwMH0sInNjaGVtYV92ZXJzaW9uIjoiMSJ9"
        }
      ]
    },
    {
      "mode": "managed",
      "type": "azurerm_log_analytics_saved_search",
      "name": "res-15",
      "provider": "provider[\"registry.terraform.io/hashicorp/azurerm\"]",
      "instances": [
        {
          "schema_version": 1,
          "attributes": {
            "category": "Log Management",
            "display_name": "All Syslog Records grouped by Facility",
            "function_alias": "",
            "function_parameters": [],
            "id": "/subscriptions/c2a2f372-d73c-426e-985d-aeeb69f56647/resourceGroups/RG-ProjectDemo-Dev/providers/Microsoft.OperationalInsights/workspaces/DefaultWorkspace-c2a2f372-d73c-426e-985d-aeeb69f56647-EUS/savedSearches/LogManagement(DefaultWorkspace-c2a2f372-d73c-426e-985d-aeeb69f56647-EUS)_LogManagement|AllSyslogByFacility",
            "log_analytics_workspace_id": "/subscriptions/c2a2f372-d73c-426e-985d-aeeb69f56647/resourceGroups/RG-ProjectDemo-Dev/providers/Microsoft.OperationalInsights/workspaces/DefaultWorkspace-c2a2f372-d73c-426e-985d-aeeb69f56647-EUS",
            "name": "LogManagement(DefaultWorkspace-c2a2f372-d73c-426e-985d-aeeb69f56647-EUS)_LogManagement|AllSyslogByFacility",
            "query": "Syslog | summarize AggregatedValue = count() by Facility\r\n// Oql: Type=Syslog | Measure count() by Facility // Args: {OQ: True; WorkspaceId: 00000000-0000-0000-0000-000000000000} // Settings: {PTT: True; SortI: True; SortF: True} // Version: 0.1.122",
            "tags": {},
            "timeouts": null
          },
          "sensitive_attributes": [],
          "identity_schema_version": 0,
          "private": "eyJlMmJmYjczMC1lY2FhLTExZTYtOGY4OC0zNDM2M2JjN2M0YzAiOnsiY3JlYXRlIjoxODAwMDAwMDAwMDAwLCJkZWxldGUiOjE4MDAwMDAwMDAwMDAsInJlYWQiOjMwMDAwMDAwMDAwMH0sInNjaGVtYV92ZXJzaW9uIjoiMSJ9"
        }
      ]
    },
    {
      "mode": "managed",
      "type": "azurerm_log_analytics_saved_search",
      "name": "res-16",
      "provider": "provider[\"registry.terraform.io/hashicorp/azurerm\"]",
      "instances": [
        {
          "schema_version": 1,
          "attributes": {
            "category": "Log Management",
            "display_name": "All Syslog Records grouped by ProcessName",
            "function_alias": "",
            "function_parameters": [],
            "id": "/subscriptions/c2a2f372-d73c-426e-985d-aeeb69f56647/resourceGroups/RG-ProjectDemo-Dev/providers/Microsoft.OperationalInsights/workspaces/DefaultWorkspace-c2a2f372-d73c-426e-985d-aeeb69f56647-EUS/savedSearches/LogManagement(DefaultWorkspace-c2a2f372-d73c-426e-985d-aeeb69f56647-EUS)_LogManagement|AllSyslogByProcessName",
            "log_analytics_workspace_id": "/subscriptions/c2a2f372-d73c-426e-985d-aeeb69f56647/resourceGroups/RG-ProjectDemo-Dev/providers/Microsoft.OperationalInsights/workspaces/DefaultWorkspace-c2a2f372-d73c-426e-985d-aeeb69f56647-EUS",
            "name": "LogManagement(DefaultWorkspace-c2a2f372-d73c-426e-985d-aeeb69f56647-EUS)_LogManagement|AllSyslogByProcessName",
            "query": "Syslog | summarize AggregatedValue = count() by ProcessName\r\n// Oql: Type=Syslog | Measure count() by ProcessName // Args: {OQ: True; WorkspaceId: 00000000-0000-0000-0000-000000000000} // Settings: {PTT: True; SortI: True; SortF: True} // Version: 0.1.122",
            "tags": {},
            "timeouts": null
          },
          "sensitive_attributes": [],
          "identity_schema_version": 0,
          "private": "eyJlMmJmYjczMC1lY2FhLTExZTYtOGY4OC0zNDM2M2JjN2M0YzAiOnsiY3JlYXRlIjoxODAwMDAwMDAwMDAwLCJkZWxldGUiOjE4MDAwMDAwMDAwMDAsInJlYWQiOjMwMDAwMDAwMDAwMH0sInNjaGVtYV92ZXJzaW9uIjoiMSJ9"
        }
      ]
    },
    {
      "mode": "managed",
      "type": "azurerm_log_analytics_saved_search",
      "name": "res-17",
      "provider": "provider[\"registry.terraform.io/hashicorp/azurerm\"]",
      "instances": [
        {
          "schema_version": 1,
          "attributes": {
            "category": "Log Management",
            "display_name": "All Syslog Records with Errors",
            "function_alias": "",
            "function_parameters": [],
            "id": "/subscriptions/c2a2f372-d73c-426e-985d-aeeb69f56647/resourceGroups/RG-ProjectDemo-Dev/providers/Microsoft.OperationalInsights/workspaces/DefaultWorkspace-c2a2f372-d73c-426e-985d-aeeb69f56647-EUS/savedSearches/LogManagement(DefaultWorkspace-c2a2f372-d73c-426e-985d-aeeb69f56647-EUS)_LogManagement|AllSyslogsWithErrors",
            "log_analytics_workspace_id": "/subscriptions/c2a2f372-d73c-426e-985d-aeeb69f56647/resourceGroups/RG-ProjectDemo-Dev/providers/Microsoft.OperationalInsights/workspaces/DefaultWorkspace-c2a2f372-d73c-426e-985d-aeeb69f56647-EUS",
            "name": "LogManagement(DefaultWorkspace-c2a2f372-d73c-426e-985d-aeeb69f56647-EUS)_LogManagement|AllSyslogsWithErrors",
            "query": "Syslog | where SeverityLevel == \"error\" | sort by TimeGenerated desc\r\n// Oql: Type=Syslog SeverityLevel=error // Args: {OQ: True; WorkspaceId: 00000000-0000-0000-0000-000000000000} // Settings: {PTT: True; SortI: True; SortF: True} // Version: 0.1.122",
            "tags": {},
            "timeouts": null
          },
          "sensitive_attributes": [],
          "identity_schema_version": 0,
          "private": "eyJlMmJmYjczMC1lY2FhLTExZTYtOGY4OC0zNDM2M2JjN2M0YzAiOnsiY3JlYXRlIjoxODAwMDAwMDAwMDAwLCJkZWxldGUiOjE4MDAwMDAwMDAwMDAsInJlYWQiOjMwMDAwMDAwMDAwMH0sInNjaGVtYV92ZXJzaW9uIjoiMSJ9"
        }
      ]
    },
    {
      "mode": "managed",
      "type": "azurerm_log_analytics_saved_search",
      "name": "res-18",
      "provider": "provider[\"registry.terraform.io/hashicorp/azurerm\"]",
      "instances": [
        {
          "schema_version": 1,
          "attributes": {
            "category": "Log Management",
            "display_name": "Average HTTP Request time by Client IP Address",
            "function_alias": "",
            "function_parameters": [],
            "id": "/subscriptions/c2a2f372-d73c-426e-985d-aeeb69f56647/resourceGroups/RG-ProjectDemo-Dev/providers/Microsoft.OperationalInsights/workspaces/DefaultWorkspace-c2a2f372-d73c-426e-985d-aeeb69f56647-EUS/savedSearches/LogManagement(DefaultWorkspace-c2a2f372-d73c-426e-985d-aeeb69f56647-EUS)_LogManagement|AverageHTTPRequestTimeByClientIPAddress",
            "log_analytics_workspace_id": "/subscriptions/c2a2f372-d73c-426e-985d-aeeb69f56647/resourceGroups/RG-ProjectDemo-Dev/providers/Microsoft.OperationalInsights/workspaces/DefaultWorkspace-c2a2f372-d73c-426e-985d-aeeb69f56647-EUS",
            "name": "LogManagement(DefaultWorkspace-c2a2f372-d73c-426e-985d-aeeb69f56647-EUS)_LogManagement|AverageHTTPRequestTimeByClientIPAddress",
            "query": "search * | extend Type = $table | where Type == W3CIISLog | summarize AggregatedValue = avg(TimeTaken) by cIP\r\n// Oql: Type=W3CIISLog | Measure Avg(TimeTaken) by cIP // Args: {OQ: True; WorkspaceId: 00000000-0000-0000-0000-000000000000} // Settings: {PEF: True; SortI: True; SortF: True} // Version: 0.1.122",
            "tags": {},
            "timeouts": null
          },
          "sensitive_attributes": [],
          "identity_schema_version": 0,
          "private": "eyJlMmJmYjczMC1lY2FhLTExZTYtOGY4OC0zNDM2M2JjN2M0YzAiOnsiY3JlYXRlIjoxODAwMDAwMDAwMDAwLCJkZWxldGUiOjE4MDAwMDAwMDAwMDAsInJlYWQiOjMwMDAwMDAwMDAwMH0sInNjaGVtYV92ZXJzaW9uIjoiMSJ9"
        }
      ]
    },
    {
      "mode": "managed",
      "type": "azurerm_log_analytics_saved_search",
      "name": "res-19",
      "provider": "provider[\"registry.terraform.io/hashicorp/azurerm\"]",
      "instances": [
        {
          "schema_version": 1,
          "attributes": {
            "category": "Log Management",
            "display_name": "Average HTTP Request time by HTTP Method",
            "function_alias": "",
            "function_parameters": [],
            "id": "/subscriptions/c2a2f372-d73c-426e-985d-aeeb69f56647/resourceGroups/RG-ProjectDemo-Dev/providers/Microsoft.OperationalInsights/workspaces/DefaultWorkspace-c2a2f372-d73c-426e-985d-aeeb69f56647-EUS/savedSearches/LogManagement(DefaultWorkspace-c2a2f372-d73c-426e-985d-aeeb69f56647-EUS)_LogManagement|AverageHTTPRequestTimeHTTPMethod",
            "log_analytics_workspace_id": "/subscriptions/c2a2f372-d73c-426e-985d-aeeb69f56647/resourceGroups/RG-ProjectDemo-Dev/providers/Microsoft.OperationalInsights/workspaces/DefaultWorkspace-c2a2f372-d73c-426e-985d-aeeb69f56647-EUS",
            "name": "LogManagement(DefaultWorkspace-c2a2f372-d73c-426e-985d-aeeb69f56647-EUS)_LogManagement|AverageHTTPRequestTimeHTTPMethod",
            "query": "search * | extend Type = $table | where Type == W3CIISLog | summarize AggregatedValue = avg(TimeTaken) by csMethod\r\n// Oql: Type=W3CIISLog | Measure Avg(TimeTaken) by csMethod // Args: {OQ: True; WorkspaceId: 00000000-0000-0000-0000-000000000000} // Settings: {PEF: True; SortI: True; SortF: True} // Version: 0.1.122",
            "tags": {},
            "timeouts": null
          },
          "sensitive_attributes": [],
          "identity_schema_version": 0,
          "private": "eyJlMmJmYjczMC1lY2FhLTExZTYtOGY4OC0zNDM2M2JjN2M0YzAiOnsiY3JlYXRlIjoxODAwMDAwMDAwMDAwLCJkZWxldGUiOjE4MDAwMDAwMDAwMDAsInJlYWQiOjMwMDAwMDAwMDAwMH0sInNjaGVtYV92ZXJzaW9uIjoiMSJ9"
        }
      ]
    },
    {
      "mode": "managed",
      "type": "azurerm_log_analytics_saved_search",
      "name": "res-20",
      "provider": "provider[\"registry.terraform.io/hashicorp/azurerm\"]",
      "instances": [
        {
          "schema_version": 1,
          "attributes": {
            "category": "Log Management",
            "display_name": "Count of IIS Log Entries by Client IP Address",
            "function_alias": "",
            "function_parameters": [],
            "id": "/subscriptions/c2a2f372-d73c-426e-985d-aeeb69f56647/resourceGroups/RG-ProjectDemo-Dev/providers/Microsoft.OperationalInsights/workspaces/DefaultWorkspace-c2a2f372-d73c-426e-985d-aeeb69f56647-EUS/savedSearches/LogManagement(DefaultWorkspace-c2a2f372-d73c-426e-985d-aeeb69f56647-EUS)_LogManagement|CountIISLogEntriesClientIPAddress",
            "log_analytics_workspace_id": "/subscriptions/c2a2f372-d73c-426e-985d-aeeb69f56647/resourceGroups/RG-ProjectDemo-Dev/providers/Microsoft.OperationalInsights/workspaces/DefaultWorkspace-c2a2f372-d73c-426e-985d-aeeb69f56647-EUS",
            "name": "LogManagement(DefaultWorkspace-c2a2f372-d73c-426e-985d-aeeb69f56647-EUS)_LogManagement|CountIISLogEntriesClientIPAddress",
            "query": "search * | extend Type = $table | where Type == W3CIISLog | summarize AggregatedValue = count() by cIP\r\n// Oql: Type=W3CIISLog | Measure count() by cIP // Args: {OQ: True; WorkspaceId: 00000000-0000-0000-0000-000000000000} // Settings: {PEF: True; SortI: True; SortF: True} // Version: 0.1.122",
            "tags": {},
            "timeouts": null
          },
          "sensitive_attributes": [],
          "identity_schema_version": 0,
          "private": "eyJlMmJmYjczMC1lY2FhLTExZTYtOGY4OC0zNDM2M2JjN2M0YzAiOnsiY3JlYXRlIjoxODAwMDAwMDAwMDAwLCJkZWxldGUiOjE4MDAwMDAwMDAwMDAsInJlYWQiOjMwMDAwMDAwMDAwMH0sInNjaGVtYV92ZXJzaW9uIjoiMSJ9"
        }
      ]
    },
    {
      "mode": "managed",
      "type": "azurerm_log_analytics_saved_search",
      "name": "res-21",
      "provider": "provider[\"registry.terraform.io/hashicorp/azurerm\"]",
      "instances": [
        {
          "schema_version": 1,
          "attributes": {
            "category": "Log Management",
            "display_name": "Count of IIS Log Entries by HTTP Request Method",
            "function_alias": "",
            "function_parameters": [],
            "id": "/subscriptions/c2a2f372-d73c-426e-985d-aeeb69f56647/resourceGroups/RG-ProjectDemo-Dev/providers/Microsoft.OperationalInsights/workspaces/DefaultWorkspace-c2a2f372-d73c-426e-985d-aeeb69f56647-EUS/savedSearches/LogManagement(DefaultWorkspace-c2a2f372-d73c-426e-985d-aeeb69f56647-EUS)_LogManagement|CountIISLogEntriesHTTPRequestMethod",
            "log_analytics_workspace_id": "/subscriptions/c2a2f372-d73c-426e-985d-aeeb69f56647/resourceGroups/RG-ProjectDemo-Dev/providers/Microsoft.OperationalInsights/workspaces/DefaultWorkspace-c2a2f372-d73c-426e-985d-aeeb69f56647-EUS",
            "name": "LogManagement(DefaultWorkspace-c2a2f372-d73c-426e-985d-aeeb69f56647-EUS)_LogManagement|CountIISLogEntriesHTTPRequestMethod",
            "query": "search * | extend Type = $table | where Type == W3CIISLog | summarize AggregatedValue = count() by csMethod\r\n// Oql: Type=W3CIISLog | Measure count() by csMethod // Args: {OQ: True; WorkspaceId: 00000000-0000-0000-0000-000000000000} // Settings: {PEF: True; SortI: True; SortF: True} // Version: 0.1.122",
            "tags": {},
            "timeouts": null
          },
          "sensitive_attributes": [],
          "identity_schema_version": 0,
          "private": "eyJlMmJmYjczMC1lY2FhLTExZTYtOGY4OC0zNDM2M2JjN2M0YzAiOnsiY3JlYXRlIjoxODAwMDAwMDAwMDAwLCJkZWxldGUiOjE4MDAwMDAwMDAwMDAsInJlYWQiOjMwMDAwMDAwMDAwMH0sInNjaGVtYV92ZXJzaW9uIjoiMSJ9"
        }
      ]
    },
    {
      "mode": "managed",
      "type": "azurerm_log_analytics_saved_search",
      "name": "res-22",
      "provider": "provider[\"registry.terraform.io/hashicorp/azurerm\"]",
      "instances": [
        {
          "schema_version": 1,
          "attributes": {
            "category": "Log Management",
            "display_name": "Count of IIS Log Entries by HTTP User Agent",
            "function_alias": "",
            "function_parameters": [],
            "id": "/subscriptions/c2a2f372-d73c-426e-985d-aeeb69f56647/resourceGroups/RG-ProjectDemo-Dev/providers/Microsoft.OperationalInsights/workspaces/DefaultWorkspace-c2a2f372-d73c-426e-985d-aeeb69f56647-EUS/savedSearches/LogManagement(DefaultWorkspace-c2a2f372-d73c-426e-985d-aeeb69f56647-EUS)_LogManagement|CountIISLogEntriesHTTPUserAgent",
            "log_analytics_workspace_id": "/subscriptions/c2a2f372-d73c-426e-985d-aeeb69f56647/resourceGroups/RG-ProjectDemo-Dev/providers/Microsoft.OperationalInsights/workspaces/DefaultWorkspace-c2a2f372-d73c-426e-985d-aeeb69f56647-EUS",
            "name": "LogManagement(DefaultWorkspace-c2a2f372-d73c-426e-985d-aeeb69f56647-EUS)_LogManagement|CountIISLogEntriesHTTPUserAgent",
            "query": "search * | extend Type = $table | where Type == W3CIISLog | summarize AggregatedValue = count() by csUserAgent\r\n// Oql: Type=W3CIISLog | Measure count() by csUserAgent // Args: {OQ: True; WorkspaceId: 00000000-0000-0000-0000-000000000000} // Settings: {PEF: True; SortI: True; SortF: True} // Version: 0.1.122",
            "tags": {},
            "timeouts": null
          },
          "sensitive_attributes": [],
          "identity_schema_version": 0,
          "private": "eyJlMmJmYjczMC1lY2FhLTExZTYtOGY4OC0zNDM2M2JjN2M0YzAiOnsiY3JlYXRlIjoxODAwMDAwMDAwMDAwLCJkZWxldGUiOjE4MDAwMDAwMDAwMDAsInJlYWQiOjMwMDAwMDAwMDAwMH0sInNjaGVtYV92ZXJzaW9uIjoiMSJ9"
        }
      ]
    },
    {
      "mode": "managed",
      "type": "azurerm_log_analytics_saved_search",
      "name": "res-23",
      "provider": "provider[\"registry.terraform.io/hashicorp/azurerm\"]",
      "instances": [
        {
          "schema_version": 1,
          "attributes": {
            "category": "Log Management",
            "display_name": "Count of IIS Log Entries by Host requested by client",
            "function_alias": "",
            "function_parameters": [],
            "id": "/subscriptions/c2a2f372-d73c-426e-985d-aeeb69f56647/resourceGroups/RG-ProjectDemo-Dev/providers/Microsoft.OperationalInsights/workspaces/DefaultWorkspace-c2a2f372-d73c-426e-985d-aeeb69f56647-EUS/savedSearches/LogManagement(DefaultWorkspace-c2a2f372-d73c-426e-985d-aeeb69f56647-EUS)_LogManagement|CountOfIISLogEntriesByHostRequestedByClient",
            "log_analytics_workspace_id": "/subscriptions/c2a2f372-d73c-426e-985d-aeeb69f56647/resourceGroups/RG-ProjectDemo-Dev/providers/Microsoft.OperationalInsights/workspaces/DefaultWorkspace-c2a2f372-d73c-426e-985d-aeeb69f56647-EUS",
            "name": "LogManagement(DefaultWorkspace-c2a2f372-d73c-426e-985d-aeeb69f56647-EUS)_LogManagement|CountOfIISLogEntriesByHostRequestedByClient",
            "query": "search * | extend Type = $table | where Type == W3CIISLog | summarize AggregatedValue = count() by csHost\r\n// Oql: Type=W3CIISLog | Measure count() by csHost // Args: {OQ: True; WorkspaceId: 00000000-0000-0000-0000-000000000000} // Settings: {PEF: True; SortI: True; SortF: True} // Version: 0.1.122",
            "tags": {},
            "timeouts": null
          },
          "sensitive_attributes": [],
          "identity_schema_version": 0,
          "private": "eyJlMmJmYjczMC1lY2FhLTExZTYtOGY4OC0zNDM2M2JjN2M0YzAiOnsiY3JlYXRlIjoxODAwMDAwMDAwMDAwLCJkZWxldGUiOjE4MDAwMDAwMDAwMDAsInJlYWQiOjMwMDAwMDAwMDAwMH0sInNjaGVtYV92ZXJzaW9uIjoiMSJ9"
        }
      ]
    },
    {
      "mode": "managed",
      "type": "azurerm_log_analytics_saved_search",
      "name": "res-24",
      "provider": "provider[\"registry.terraform.io/hashicorp/azurerm\"]",
      "instances": [
        {
          "schema_version": 1,
          "attributes": {
            "category": "Log Management",
            "display_name": "Count of IIS Log Entries by URL for the host \"www.contoso.com\" (replace with your own)",
            "function_alias": "",
            "function_parameters": [],
            "id": "/subscriptions/c2a2f372-d73c-426e-985d-aeeb69f56647/resourceGroups/RG-ProjectDemo-Dev/providers/Microsoft.OperationalInsights/workspaces/DefaultWorkspace-c2a2f372-d73c-426e-985d-aeeb69f56647-EUS/savedSearches/LogManagement(DefaultWorkspace-c2a2f372-d73c-426e-985d-aeeb69f56647-EUS)_LogManagement|CountOfIISLogEntriesByURLForHost",
            "log_analytics_workspace_id": "/subscriptions/c2a2f372-d73c-426e-985d-aeeb69f56647/resourceGroups/RG-ProjectDemo-Dev/providers/Microsoft.OperationalInsights/workspaces/DefaultWorkspace-c2a2f372-d73c-426e-985d-aeeb69f56647-EUS",
            "name": "LogManagement(DefaultWorkspace-c2a2f372-d73c-426e-985d-aeeb69f56647-EUS)_LogManagement|CountOfIISLogEntriesByURLForHost",
            "query": "search csHost == \"www.contoso.com\" | extend Type = $table | where Type == W3CIISLog | summarize AggregatedValue = count() by csUriStem\r\n// Oql: Type=W3CIISLog csHost=\"www.contoso.com\" | Measure count() by csUriStem // Args: {OQ: True; WorkspaceId: 00000000-0000-0000-0000-000000000000} // Settings: {PEF: True; SortI: True; SortF: True} // Version: 0.1.122",
            "tags": {},
            "timeouts": null
          },
          "sensitive_attributes": [],
          "identity_schema_version": 0,
          "private": "eyJlMmJmYjczMC1lY2FhLTExZTYtOGY4OC0zNDM2M2JjN2M0YzAiOnsiY3JlYXRlIjoxODAwMDAwMDAwMDAwLCJkZWxldGUiOjE4MDAwMDAwMDAwMDAsInJlYWQiOjMwMDAwMDAwMDAwMH0sInNjaGVtYV92ZXJzaW9uIjoiMSJ9"
        }
      ]
    },
    {
      "mode": "managed",
      "type": "azurerm_log_analytics_saved_search",
      "name": "res-25",
      "provider": "provider[\"registry.terraform.io/hashicorp/azurerm\"]",
      "instances": [
        {
          "schema_version": 1,
          "attributes": {
            "category": "Log Management",
            "display_name": "Count of IIS Log Entries by URL requested by client (without query strings)",
            "function_alias": "",
            "function_parameters": [],
            "id": "/subscriptions/c2a2f372-d73c-426e-985d-aeeb69f56647/resourceGroups/RG-ProjectDemo-Dev/providers/Microsoft.OperationalInsights/workspaces/DefaultWorkspace-c2a2f372-d73c-426e-985d-aeeb69f56647-EUS/savedSearches/LogManagement(DefaultWorkspace-c2a2f372-d73c-426e-985d-aeeb69f56647-EUS)_LogManagement|CountOfIISLogEntriesByURLRequestedByClient",
            "log_analytics_workspace_id": "/subscriptions/c2a2f372-d73c-426e-985d-aeeb69f56647/resourceGroups/RG-ProjectDemo-Dev/providers/Microsoft.OperationalInsights/workspaces/DefaultWorkspace-c2a2f372-d73c-426e-985d-aeeb69f56647-EUS",
            "name": "LogManagement(DefaultWorkspace-c2a2f372-d73c-426e-985d-aeeb69f56647-EUS)_LogManagement|CountOfIISLogEntriesByURLRequestedByClient",
            "query": "search * | extend Type = $table | where Type == W3CIISLog | summarize AggregatedValue = count() by csUriStem\r\n// Oql: Type=W3CIISLog | Measure count() by csUriStem // Args: {OQ: True; WorkspaceId: 00000000-0000-0000-0000-000000000000} // Settings: {PEF: True; SortI: True; SortF: True} // Version: 0.1.122",
            "tags": {},
            "timeouts": null
          },
          "sensitive_attributes": [],
          "identity_schema_version": 0,
          "private": "eyJlMmJmYjczMC1lY2FhLTExZTYtOGY4OC0zNDM2M2JjN2M0YzAiOnsiY3JlYXRlIjoxODAwMDAwMDAwMDAwLCJkZWxldGUiOjE4MDAwMDAwMDAwMDAsInJlYWQiOjMwMDAwMDAwMDAwMH0sInNjaGVtYV92ZXJzaW9uIjoiMSJ9"
        }
      ]
    },
    {
      "mode": "managed",
      "type": "azurerm_log_analytics_saved_search",
      "name": "res-26",
      "provider": "provider[\"registry.terraform.io/hashicorp/azurerm\"]",
      "instances": [
        {
          "schema_version": 1,
          "attributes": {
            "category": "Log Management",
            "display_name": "Count of Events with level \"Warning\" grouped by Event ID",
            "function_alias": "",
            "function_parameters": [],
            "id": "/subscriptions/c2a2f372-d73c-426e-985d-aeeb69f56647/resourceGroups/RG-ProjectDemo-Dev/providers/Microsoft.OperationalInsights/workspaces/DefaultWorkspace-c2a2f372-d73c-426e-985d-aeeb69f56647-EUS/savedSearches/LogManagement(DefaultWorkspace-c2a2f372-d73c-426e-985d-aeeb69f56647-EUS)_LogManagement|CountOfWarningEvents",
            "log_analytics_workspace_id": "/subscriptions/c2a2f372-d73c-426e-985d-aeeb69f56647/resourceGroups/RG-ProjectDemo-Dev/providers/Microsoft.OperationalInsights/workspaces/DefaultWorkspace-c2a2f372-d73c-426e-985d-aeeb69f56647-EUS",
            "name": "LogManagement(DefaultWorkspace-c2a2f372-d73c-426e-985d-aeeb69f56647-EUS)_LogManagement|CountOfWarningEvents",
            "query": "Event | where EventLevelName == \"warning\" | summarize AggregatedValue = count() by EventID\r\n// Oql: Type=Event EventLevelName=warning | Measure count() by EventID // Args: {OQ: True; WorkspaceId: 00000000-0000-0000-0000-000000000000} // Settings: {PTT: True; SortI: True; SortF: True} // Version: 0.1.122",
            "tags": {},
            "timeouts": null
          },
          "sensitive_attributes": [],
          "identity_schema_version": 0,
          "private": "eyJlMmJmYjczMC1lY2FhLTExZTYtOGY4OC0zNDM2M2JjN2M0YzAiOnsiY3JlYXRlIjoxODAwMDAwMDAwMDAwLCJkZWxldGUiOjE4MDAwMDAwMDAwMDAsInJlYWQiOjMwMDAwMDAwMDAwMH0sInNjaGVtYV92ZXJzaW9uIjoiMSJ9"
        }
      ]
    },
    {
      "mode": "managed",
      "type": "azurerm_log_analytics_saved_search",
      "name": "res-27",
      "provider": "provider[\"registry.terraform.io/hashicorp/azurerm\"]",
      "instances": [
        {
          "schema_version": 1,
          "attributes": {
            "category": "Log Management",
            "display_name": "Shows breakdown of response codes",
            "function_alias": "",
            "function_parameters": [],
            "id": "/subscriptions/c2a2f372-d73c-426e-985d-aeeb69f56647/resourceGroups/RG-ProjectDemo-Dev/providers/Microsoft.OperationalInsights/workspaces/DefaultWorkspace-c2a2f372-d73c-426e-985d-aeeb69f56647-EUS/savedSearches/LogManagement(DefaultWorkspace-c2a2f372-d73c-426e-985d-aeeb69f56647-EUS)_LogManagement|DisplayBreakdownRespondCodes",
            "log_analytics_workspace_id": "/subscriptions/c2a2f372-d73c-426e-985d-aeeb69f56647/resourceGroups/RG-ProjectDemo-Dev/providers/Microsoft.OperationalInsights/workspaces/DefaultWorkspace-c2a2f372-d73c-426e-985d-aeeb69f56647-EUS",
            "name": "LogManagement(DefaultWorkspace-c2a2f372-d73c-426e-985d-aeeb69f56647-EUS)_LogManagement|DisplayBreakdownRespondCodes",
            "query": "search * | extend Type = $table | where Type == W3CIISLog | summarize AggregatedValue = count() by scStatus\r\n// Oql: Type=W3CIISLog | Measure count() by scStatus // Args: {OQ: True; WorkspaceId: 00000000-0000-0000-0000-000000000000} // Settings: {PEF: True; SortI: True; SortF: True} // Version: 0.1.122",
            "tags": {},
            "timeouts": null
          },
          "sensitive_attributes": [],
          "identity_schema_version": 0,
          "private": "eyJlMmJmYjczMC1lY2FhLTExZTYtOGY4OC0zNDM2M2JjN2M0YzAiOnsiY3JlYXRlIjoxODAwMDAwMDAwMDAwLCJkZWxldGUiOjE4MDAwMDAwMDAwMDAsInJlYWQiOjMwMDAwMDAwMDAwMH0sInNjaGVtYV92ZXJzaW9uIjoiMSJ9"
        }
      ]
    },
    {
      "mode": "managed",
      "type": "azurerm_log_analytics_saved_search",
      "name": "res-28",
      "provider": "provider[\"registry.terraform.io/hashicorp/azurerm\"]",
      "instances": [
        {
          "schema_version": 1,
          "attributes": {
            "category": "Log Management",
            "display_name": "Count of Events grouped by Event Log",
            "function_alias": "",
            "function_parameters": [],
            "id": "/subscriptions/c2a2f372-d73c-426e-985d-aeeb69f56647/resourceGroups/RG-ProjectDemo-Dev/providers/Microsoft.OperationalInsights/workspaces/DefaultWorkspace-c2a2f372-d73c-426e-985d-aeeb69f56647-EUS/savedSearches/LogManagement(DefaultWorkspace-c2a2f372-d73c-426e-985d-aeeb69f56647-EUS)_LogManagement|EventsByEventLog",
            "log_analytics_workspace_id": "/subscriptions/c2a2f372-d73c-426e-985d-aeeb69f56647/resourceGroups/RG-ProjectDemo-Dev/providers/Microsoft.OperationalInsights/workspaces/DefaultWorkspace-c2a2f372-d73c-426e-985d-aeeb69f56647-EUS",
            "name": "LogManagement(DefaultWorkspace-c2a2f372-d73c-426e-985d-aeeb69f56647-EUS)_LogManagement|EventsByEventLog",
            "query": "Event | summarize AggregatedValue = count() by EventLog\r\n// Oql: Type=Event | Measure count() by EventLog // Args: {OQ: True; WorkspaceId: 00000000-0000-0000-0000-000000000000} // Settings: {PTT: True; SortI: True; SortF: True} // Version: 0.1.122",
            "tags": {},
            "timeouts": null
          },
          "sensitive_attributes": [],
          "identity_schema_version": 0,
          "private": "eyJlMmJmYjczMC1lY2FhLTExZTYtOGY4OC0zNDM2M2JjN2M0YzAiOnsiY3JlYXRlIjoxODAwMDAwMDAwMDAwLCJkZWxldGUiOjE4MDAwMDAwMDAwMDAsInJlYWQiOjMwMDAwMDAwMDAwMH0sInNjaGVtYV92ZXJzaW9uIjoiMSJ9"
        }
      ]
    },
    {
      "mode": "managed",
      "type": "azurerm_log_analytics_saved_search",
      "name": "res-29",
      "provider": "provider[\"registry.terraform.io/hashicorp/azurerm\"]",
      "instances": [
        {
          "schema_version": 1,
          "attributes": {
            "category": "Log Management",
            "display_name": "Count of Events grouped by Event Source",
            "function_alias": "",
            "function_parameters": [],
            "id": "/subscriptions/c2a2f372-d73c-426e-985d-aeeb69f56647/resourceGroups/RG-ProjectDemo-Dev/providers/Microsoft.OperationalInsights/workspaces/DefaultWorkspace-c2a2f372-d73c-426e-985d-aeeb69f56647-EUS/savedSearches/LogManagement(DefaultWorkspace-c2a2f372-d73c-426e-985d-aeeb69f56647-EUS)_LogManagement|EventsByEventSource",
            "log_analytics_workspace_id": "/subscriptions/c2a2f372-d73c-426e-985d-aeeb69f56647/resourceGroups/RG-ProjectDemo-Dev/providers/Microsoft.OperationalInsights/workspaces/DefaultWorkspace-c2a2f372-d73c-426e-985d-aeeb69f56647-EUS",
            "name": "LogManagement(DefaultWorkspace-c2a2f372-d73c-426e-985d-aeeb69f56647-EUS)_LogManagement|EventsByEventSource",
            "query": "Event | summarize AggregatedValue = count() by Source\r\n// Oql: Type=Event | Measure count() by Source // Args: {OQ: True; WorkspaceId: 00000000-0000-0000-0000-000000000000} // Settings: {PTT: True; SortI: True; SortF: True} // Version: 0.1.122",
            "tags": {},
            "timeouts": null
          },
          "sensitive_attributes": [],
          "identity_schema_version": 0,
          "private": "eyJlMmJmYjczMC1lY2FhLTExZTYtOGY4OC0zNDM2M2JjN2M0YzAiOnsiY3JlYXRlIjoxODAwMDAwMDAwMDAwLCJkZWxldGUiOjE4MDAwMDAwMDAwMDAsInJlYWQiOjMwMDAwMDAwMDAwMH0sInNjaGVtYV92ZXJzaW9uIjoiMSJ9"
        }
      ]
    },
    {
      "mode": "managed",
      "type": "azurerm_log_analytics_saved_search",
      "name": "res-30",
      "provider": "provider[\"registry.terraform.io/hashicorp/azurerm\"]",
      "instances": [
        {
          "schema_version": 1,
          "attributes": {
            "category": "Log Management",
            "display_name": "Count of Events grouped by Event ID",
            "function_alias": "",
            "function_parameters": [],
            "id": "/subscriptions/c2a2f372-d73c-426e-985d-aeeb69f56647/resourceGroups/RG-ProjectDemo-Dev/providers/Microsoft.OperationalInsights/workspaces/DefaultWorkspace-c2a2f372-d73c-426e-985d-aeeb69f56647-EUS/savedSearches/LogManagement(DefaultWorkspace-c2a2f372-d73c-426e-985d-aeeb69f56647-EUS)_LogManagement|EventsByEventsID",
            "log_analytics_workspace_id": "/subscriptions/c2a2f372-d73c-426e-985d-aeeb69f56647/resourceGroups/RG-ProjectDemo-Dev/providers/Microsoft.OperationalInsights/workspaces/DefaultWorkspace-c2a2f372-d73c-426e-985d-aeeb69f56647-EUS",
            "name": "LogManagement(DefaultWorkspace-c2a2f372-d73c-426e-985d-aeeb69f56647-EUS)_LogManagement|EventsByEventsID",
            "query": "Event | summarize AggregatedValue = count() by EventID\r\n// Oql: Type=Event | Measure count() by EventID // Args: {OQ: True; WorkspaceId: 00000000-0000-0000-0000-000000000000} // Settings: {PTT: True; SortI: True; SortF: True} // Version: 0.1.122",
            "tags": {},
            "timeouts": null
          },
          "sensitive_attributes": [],
          "identity_schema_version": 0,
          "private": "eyJlMmJmYjczMC1lY2FhLTExZTYtOGY4OC0zNDM2M2JjN2M0YzAiOnsiY3JlYXRlIjoxODAwMDAwMDAwMDAwLCJkZWxldGUiOjE4MDAwMDAwMDAwMDAsInJlYWQiOjMwMDAwMDAwMDAwMH0sInNjaGVtYV92ZXJzaW9uIjoiMSJ9"
        }
      ]
    },
    {
      "mode": "managed",
      "type": "azurerm_log_analytics_saved_search",
      "name": "res-31",
      "provider": "provider[\"registry.terraform.io/hashicorp/azurerm\"]",
      "instances": [
        {
          "schema_version": 1,
          "attributes": {
            "category": "Log Management",
            "display_name": "Events in the Operations Manager Event Log whose Event ID is in the range between 2000 and 3000",
            "function_alias": "",
            "function_parameters": [],
            "id": "/subscriptions/c2a2f372-d73c-426e-985d-aeeb69f56647/resourceGroups/RG-ProjectDemo-Dev/providers/Microsoft.OperationalInsights/workspaces/DefaultWorkspace-c2a2f372-d73c-426e-985d-aeeb69f56647-EUS/savedSearches/LogManagement(DefaultWorkspace-c2a2f372-d73c-426e-985d-aeeb69f56647-EUS)_LogManagement|EventsInOMBetween2000to3000",
            "log_analytics_workspace_id": "/subscriptions/c2a2f372-d73c-426e-985d-aeeb69f56647/resourceGroups/RG-ProjectDemo-Dev/providers/Microsoft.OperationalInsights/workspaces/DefaultWorkspace-c2a2f372-d73c-426e-985d-aeeb69f56647-EUS",
            "name": "LogManagement(DefaultWorkspace-c2a2f372-d73c-426e-985d-aeeb69f56647-EUS)_LogManagement|EventsInOMBetween2000to3000",
            "query": "Event | where EventLog == \"Operations Manager\" and EventID \u003e= 2000 and EventID \u003c= 3000 | sort by TimeGenerated desc\r\n// Oql: Type=Event EventLog=\"Operations Manager\" EventID:[2000..3000] // Args: {OQ: True; WorkspaceId: 00000000-0000-0000-0000-000000000000} // Settings: {PTT: True; SortI: True; SortF: True} // Version: 0.1.122",
            "tags": {},
            "timeouts": null
          },
          "sensitive_attributes": [],
          "identity_schema_version": 0,
          "private": "eyJlMmJmYjczMC1lY2FhLTExZTYtOGY4OC0zNDM2M2JjN2M0YzAiOnsiY3JlYXRlIjoxODAwMDAwMDAwMDAwLCJkZWxldGUiOjE4MDAwMDAwMDAwMDAsInJlYWQiOjMwMDAwMDAwMDAwMH0sInNjaGVtYV92ZXJzaW9uIjoiMSJ9"
        }
      ]
    },
    {
      "mode": "managed",
      "type": "azurerm_log_analytics_saved_search",
      "name": "res-32",
      "provider": "provider[\"registry.terraform.io/hashicorp/azurerm\"]",
      "instances": [
        {
          "schema_version": 1,
          "attributes": {
            "category": "Log Management",
            "display_name": "Count of Events containing the word \"started\" grouped by EventID",
            "function_alias": "",
            "function_parameters": [],
            "id": "/subscriptions/c2a2f372-d73c-426e-985d-aeeb69f56647/resourceGroups/RG-ProjectDemo-Dev/providers/Microsoft.OperationalInsights/workspaces/DefaultWorkspace-c2a2f372-d73c-426e-985d-aeeb69f56647-EUS/savedSearches/LogManagement(DefaultWorkspace-c2a2f372-d73c-426e-985d-aeeb69f56647-EUS)_LogManagement|EventsWithStartedinEventID",
            "log_analytics_workspace_id": "/subscriptions/c2a2f372-d73c-426e-985d-aeeb69f56647/resourceGroups/RG-ProjectDemo-Dev/providers/Microsoft.OperationalInsights/workspaces/DefaultWorkspace-c2a2f372-d73c-426e-985d-aeeb69f56647-EUS",
            "name": "LogManagement(DefaultWorkspace-c2a2f372-d73c-426e-985d-aeeb69f56647-EUS)_LogManagement|EventsWithStartedinEventID",
            "query": "search in (Event) \"started\" | summarize AggregatedValue = count() by EventID\r\n// Oql: Type=Event \"started\" | Measure count() by EventID // Args: {OQ: True; WorkspaceId: 00000000-0000-0000-0000-000000000000} // Settings: {PTT: True; SortI: True; SortF: True} // Version: 0.1.122",
            "tags": {},
            "timeouts": null
          },
          "sensitive_attributes": [],
          "identity_schema_version": 0,
          "private": "eyJlMmJmYjczMC1lY2FhLTExZTYtOGY4OC0zNDM2M2JjN2M0YzAiOnsiY3JlYXRlIjoxODAwMDAwMDAwMDAwLCJkZWxldGUiOjE4MDAwMDAwMDAwMDAsInJlYWQiOjMwMDAwMDAwMDAwMH0sInNjaGVtYV92ZXJzaW9uIjoiMSJ9"
        }
      ]
    },
    {
      "mode": "managed",
      "type": "azurerm_log_analytics_saved_search",
      "name": "res-33",
      "provider": "provider[\"registry.terraform.io/hashicorp/azurerm\"]",
      "instances": [
        {
          "schema_version": 1,
          "attributes": {
            "category": "Log Management",
            "display_name": "Find the maximum time taken for each page",
            "function_alias": "",
            "function_parameters": [],
            "id": "/subscriptions/c2a2f372-d73c-426e-985d-aeeb69f56647/resourceGroups/RG-ProjectDemo-Dev/providers/Microsoft.OperationalInsights/workspaces/DefaultWorkspace-c2a2f372-d73c-426e-985d-aeeb69f56647-EUS/savedSearches/LogManagement(DefaultWorkspace-c2a2f372-d73c-426e-985d-aeeb69f56647-EUS)_LogManagement|FindMaximumTimeTakenForEachPage",
            "log_analytics_workspace_id": "/subscriptions/c2a2f372-d73c-426e-985d-aeeb69f56647/resourceGroups/RG-ProjectDemo-Dev/providers/Microsoft.OperationalInsights/workspaces/DefaultWorkspace-c2a2f372-d73c-426e-985d-aeeb69f56647-EUS",
            "name": "LogManagement(DefaultWorkspace-c2a2f372-d73c-426e-985d-aeeb69f56647-EUS)_LogManagement|FindMaximumTimeTakenForEachPage",
            "query": "search * | extend Type = $table | where Type == W3CIISLog | summarize AggregatedValue = max(TimeTaken) by csUriStem\r\n// Oql: Type=W3CIISLog | Measure Max(TimeTaken) by csUriStem // Args: {OQ: True; WorkspaceId: 00000000-0000-0000-0000-000000000000} // Settings: {PEF: True; SortI: True; SortF: True} // Version: 0.1.122",
            "tags": {},
            "timeouts": null
          },
          "sensitive_attributes": [],
          "identity_schema_version": 0,
          "private": "eyJlMmJmYjczMC1lY2FhLTExZTYtOGY4OC0zNDM2M2JjN2M0YzAiOnsiY3JlYXRlIjoxODAwMDAwMDAwMDAwLCJkZWxldGUiOjE4MDAwMDAwMDAwMDAsInJlYWQiOjMwMDAwMDAwMDAwMH0sInNjaGVtYV92ZXJzaW9uIjoiMSJ9"
        }
      ]
    },
    {
      "mode": "managed",
      "type": "azurerm_log_analytics_saved_search",
      "name": "res-34",
      "provider": "provider[\"registry.terraform.io/hashicorp/azurerm\"]",
      "instances": [
        {
          "schema_version": 1,
          "attributes": {
            "category": "Log Management",
            "display_name": "IIS Log Entries for a specific client IP Address (replace with your own)",
            "function_alias": "",
            "function_parameters": [],
            "id": "/subscriptions/c2a2f372-d73c-426e-985d-aeeb69f56647/resourceGroups/RG-ProjectDemo-Dev/providers/Microsoft.OperationalInsights/workspaces/DefaultWorkspace-c2a2f372-d73c-426e-985d-aeeb69f56647-EUS/savedSearches/LogManagement(DefaultWorkspace-c2a2f372-d73c-426e-985d-aeeb69f56647-EUS)_LogManagement|IISLogEntriesForClientIP",
            "log_analytics_workspace_id": "/subscriptions/c2a2f372-d73c-426e-985d-aeeb69f56647/resourceGroups/RG-ProjectDemo-Dev/providers/Microsoft.OperationalInsights/workspaces/DefaultWorkspace-c2a2f372-d73c-426e-985d-aeeb69f56647-EUS",
            "name": "LogManagement(DefaultWorkspace-c2a2f372-d73c-426e-985d-aeeb69f56647-EUS)_LogManagement|IISLogEntriesForClientIP",
            "query": "search cIP == \"192.168.0.1\" | extend Type = $table | where Type == W3CIISLog | sort by TimeGenerated desc | project csUriStem, scBytes, csBytes, TimeTaken, scStatus\r\n// Oql: Type=W3CIISLog cIP=\"192.168.0.1\" | Select csUriStem,scBytes,csBytes,TimeTaken,scStatus // Args: {OQ: True; WorkspaceId: 00000000-0000-0000-0000-000000000000} // Settings: {PEF: True; SortI: True; SortF: True} // Version: 0.1.122",
            "tags": {},
            "timeouts": null
          },
          "sensitive_attributes": [],
          "identity_schema_version": 0,
          "private": "eyJlMmJmYjczMC1lY2FhLTExZTYtOGY4OC0zNDM2M2JjN2M0YzAiOnsiY3JlYXRlIjoxODAwMDAwMDAwMDAwLCJkZWxldGUiOjE4MDAwMDAwMDAwMDAsInJlYWQiOjMwMDAwMDAwMDAwMH0sInNjaGVtYV92ZXJzaW9uIjoiMSJ9"
        }
      ]
    },
    {
      "mode": "managed",
      "type": "azurerm_log_analytics_saved_search",
      "name": "res-35",
      "provider": "provider[\"registry.terraform.io/hashicorp/azurerm\"]",
      "instances": [
        {
          "schema_version": 1,
          "attributes": {
            "category": "Log Management",
            "display_name": "All IIS Log Entries",
            "function_alias": "",
            "function_parameters": [],
            "id": "/subscriptions/c2a2f372-d73c-426e-985d-aeeb69f56647/resourceGroups/RG-ProjectDemo-Dev/providers/Microsoft.OperationalInsights/workspaces/DefaultWorkspace-c2a2f372-d73c-426e-985d-aeeb69f56647-EUS/savedSearches/LogManagement(DefaultWorkspace-c2a2f372-d73c-426e-985d-aeeb69f56647-EUS)_LogManagement|ListAllIISLogEntries",
            "log_analytics_workspace_id": "/subscriptions/c2a2f372-d73c-426e-985d-aeeb69f56647/resourceGroups/RG-ProjectDemo-Dev/providers/Microsoft.OperationalInsights/workspaces/DefaultWorkspace-c2a2f372-d73c-426e-985d-aeeb69f56647-EUS",
            "name": "LogManagement(DefaultWorkspace-c2a2f372-d73c-426e-985d-aeeb69f56647-EUS)_LogManagement|ListAllIISLogEntries",
            "query": "search * | extend Type = $table | where Type == W3CIISLog | sort by TimeGenerated desc\r\n// Oql: Type=W3CIISLog // Args: {OQ: True; WorkspaceId: 00000000-0000-0000-0000-000000000000} // Settings: {PEF: True; SortI: True; SortF: True} // Version: 0.1.122",
            "tags": {},
            "timeouts": null
          },
          "sensitive_attributes": [],
          "identity_schema_version": 0,
          "private": "eyJlMmJmYjczMC1lY2FhLTExZTYtOGY4OC0zNDM2M2JjN2M0YzAiOnsiY3JlYXRlIjoxODAwMDAwMDAwMDAwLCJkZWxldGUiOjE4MDAwMDAwMDAwMDAsInJlYWQiOjMwMDAwMDAwMDAwMH0sInNjaGVtYV92ZXJzaW9uIjoiMSJ9"
        }
      ]
    },
    {
      "mode": "managed",
      "type": "azurerm_log_analytics_saved_search",
      "name": "res-36",
      "provider": "provider[\"registry.terraform.io/hashicorp/azurerm\"]",
      "instances": [
        {
          "schema_version": 1,
          "attributes": {
            "category": "Log Management",
            "display_name": "How many connections to Operations Manager's SDK service by day",
            "function_alias": "",
            "function_parameters": [],
            "id": "/subscriptions/c2a2f372-d73c-426e-985d-aeeb69f56647/resourceGroups/RG-ProjectDemo-Dev/providers/Microsoft.OperationalInsights/workspaces/DefaultWorkspace-c2a2f372-d73c-426e-985d-aeeb69f56647-EUS/savedSearches/LogManagement(DefaultWorkspace-c2a2f372-d73c-426e-985d-aeeb69f56647-EUS)_LogManagement|NoOfConnectionsToOMSDKService",
            "log_analytics_workspace_id": "/subscriptions/c2a2f372-d73c-426e-985d-aeeb69f56647/resourceGroups/RG-ProjectDemo-Dev/providers/Microsoft.OperationalInsights/workspaces/DefaultWorkspace-c2a2f372-d73c-426e-985d-aeeb69f56647-EUS",
            "name": "LogManagement(DefaultWorkspace-c2a2f372-d73c-426e-985d-aeeb69f56647-EUS)_LogManagement|NoOfConnectionsToOMSDKService",
            "query": "Event | where EventID == 26328 and EventLog == \"Operations Manager\" | summarize AggregatedValue = count() by bin(TimeGenerated, 1d) | sort by TimeGenerated desc\r\n// Oql: Type=Event EventID=26328 EventLog=\"Operations Manager\" | Measure count() interval 1DAY // Args: {OQ: True; WorkspaceId: 00000000-0000-0000-0000-000000000000} // Settings: {PTT: True; SortI: True; SortF: True} // Version: 0.1.122",
            "tags": {},
            "timeouts": null
          },
          "sensitive_attributes": [],
          "identity_schema_version": 0,
          "private": "eyJlMmJmYjczMC1lY2FhLTExZTYtOGY4OC0zNDM2M2JjN2M0YzAiOnsiY3JlYXRlIjoxODAwMDAwMDAwMDAwLCJkZWxldGUiOjE4MDAwMDAwMDAwMDAsInJlYWQiOjMwMDAwMDAwMDAwMH0sInNjaGVtYV92ZXJzaW9uIjoiMSJ9"
        }
      ]
    },
    {
      "mode": "managed",
      "type": "azurerm_log_analytics_saved_search",
      "name": "res-37",
      "provider": "provider[\"registry.terraform.io/hashicorp/azurerm\"]",
      "instances": [
        {
          "schema_version": 1,
          "attributes": {
            "category": "Log Management",
            "display_name": "When did my servers initiate restart?",
            "function_alias": "",
            "function_parameters": [],
            "id": "/subscriptions/c2a2f372-d73c-426e-985d-aeeb69f56647/resourceGroups/RG-ProjectDemo-Dev/providers/Microsoft.OperationalInsights/workspaces/DefaultWorkspace-c2a2f372-d73c-426e-985d-aeeb69f56647-EUS/savedSearches/LogManagement(DefaultWorkspace-c2a2f372-d73c-426e-985d-aeeb69f56647-EUS)_LogManagement|ServerRestartTime",
            "log_analytics_workspace_id": "/subscriptions/c2a2f372-d73c-426e-985d-aeeb69f56647/resourceGroups/RG-ProjectDemo-Dev/providers/Microsoft.OperationalInsights/workspaces/DefaultWorkspace-c2a2f372-d73c-426e-985d-aeeb69f56647-EUS",
            "name": "LogManagement(DefaultWorkspace-c2a2f372-d73c-426e-985d-aeeb69f56647-EUS)_LogManagement|ServerRestartTime",
            "query": "search in (Event) \"shutdown\" and EventLog == \"System\" and Source == \"User32\" and EventID == 1074 | sort by TimeGenerated desc | project TimeGenerated, Computer\r\n// Oql: shutdown Type=Event EventLog=System Source=User32 EventID=1074 | Select TimeGenerated,Computer // Args: {OQ: True; WorkspaceId: 00000000-0000-0000-0000-000000000000} // Settings: {PTT: True; SortI: True; SortF: True} // Version: 0.1.122",
            "tags": {},
            "timeouts": null
          },
          "sensitive_attributes": [],
          "identity_schema_version": 0,
          "private": "eyJlMmJmYjczMC1lY2FhLTExZTYtOGY4OC0zNDM2M2JjN2M0YzAiOnsiY3JlYXRlIjoxODAwMDAwMDAwMDAwLCJkZWxldGUiOjE4MDAwMDAwMDAwMDAsInJlYWQiOjMwMDAwMDAwMDAwMH0sInNjaGVtYV92ZXJzaW9uIjoiMSJ9"
        }
      ]
    },
    {
      "mode": "managed",
      "type": "azurerm_log_analytics_saved_search",
      "name": "res-38",
      "provider": "provider[\"registry.terraform.io/hashicorp/azurerm\"]",
      "instances": [
        {
          "schema_version": 1,
          "attributes": {
            "category": "Log Management",
            "display_name": "Shows which pages people are getting a 404 for",
            "function_alias": "",
            "function_parameters": [],
            "id": "/subscriptions/c2a2f372-d73c-426e-985d-aeeb69f56647/resourceGroups/RG-ProjectDemo-Dev/providers/Microsoft.OperationalInsights/workspaces/DefaultWorkspace-c2a2f372-d73c-426e-985d-aeeb69f56647-EUS/savedSearches/LogManagement(DefaultWorkspace-c2a2f372-d73c-426e-985d-aeeb69f56647-EUS)_LogManagement|Show404PagesList",
            "log_analytics_workspace_id": "/subscriptions/c2a2f372-d73c-426e-985d-aeeb69f56647/resourceGroups/RG-ProjectDemo-Dev/providers/Microsoft.OperationalInsights/workspaces/DefaultWorkspace-c2a2f372-d73c-426e-985d-aeeb69f56647-EUS",
            "name": "LogManagement(DefaultWorkspace-c2a2f372-d73c-426e-985d-aeeb69f56647-EUS)_LogManagement|Show404PagesList",
            "query": "search scStatus == 404 | extend Type = $table | where Type == W3CIISLog | summarize AggregatedValue = count() by csUriStem\r\n// Oql: Type=W3CIISLog scStatus=404 | Measure count() by csUriStem // Args: {OQ: True; WorkspaceId: 00000000-0000-0000-0000-000000000000} // Settings: {PEF: True; SortI: True; SortF: True} // Version: 0.1.122",
            "tags": {},
            "timeouts": null
          },
          "sensitive_attributes": [],
          "identity_schema_version": 0,
          "private": "eyJlMmJmYjczMC1lY2FhLTExZTYtOGY4OC0zNDM2M2JjN2M0YzAiOnsiY3JlYXRlIjoxODAwMDAwMDAwMDAwLCJkZWxldGUiOjE4MDAwMDAwMDAwMDAsInJlYWQiOjMwMDAwMDAwMDAwMH0sInNjaGVtYV92ZXJzaW9uIjoiMSJ9"
        }
      ]
    },
    {
      "mode": "managed",
      "type": "azurerm_log_analytics_saved_search",
      "name": "res-39",
      "provider": "provider[\"registry.terraform.io/hashicorp/azurerm\"]",
      "instances": [
        {
          "schema_version": 1,
          "attributes": {
            "category": "Log Management",
            "display_name": "Shows servers that are throwing internal server error",
            "function_alias": "",
            "function_parameters": [],
            "id": "/subscriptions/c2a2f372-d73c-426e-985d-aeeb69f56647/resourceGroups/RG-ProjectDemo-Dev/providers/Microsoft.OperationalInsights/workspaces/DefaultWorkspace-c2a2f372-d73c-426e-985d-aeeb69f56647-EUS/savedSearches/LogManagement(DefaultWorkspace-c2a2f372-d73c-426e-985d-aeeb69f56647-EUS)_LogManagement|ShowServersThrowingInternalServerError",
            "log_analytics_workspace_id": "/subscriptions/c2a2f372-d73c-426e-985d-aeeb69f56647/resourceGroups/RG-ProjectDemo-Dev/providers/Microsoft.OperationalInsights/workspaces/DefaultWorkspace-c2a2f372-d73c-426e-985d-aeeb69f56647-EUS",
            "name": "LogManagement(DefaultWorkspace-c2a2f372-d73c-426e-985d-aeeb69f56647-EUS)_LogManagement|ShowServersThrowingInternalServerError",
            "query": "search scStatus == 500 | extend Type = $table | where Type == W3CIISLog | summarize AggregatedValue = count() by sComputerName\r\n// Oql: Type=W3CIISLog scStatus=500 | Measure count() by sComputerName // Args: {OQ: True; WorkspaceId: 00000000-0000-0000-0000-000000000000} // Settings: {PEF: True; SortI: True; SortF: True} // Version: 0.1.122",
            "tags": {},
            "timeouts": null
          },
          "sensitive_attributes": [],
          "identity_schema_version": 0,
          "private": "eyJlMmJmYjczMC1lY2FhLTExZTYtOGY4OC0zNDM2M2JjN2M0YzAiOnsiY3JlYXRlIjoxODAwMDAwMDAwMDAwLCJkZWxldGUiOjE4MDAwMDAwMDAwMDAsInJlYWQiOjMwMDAwMDAwMDAwMH0sInNjaGVtYV92ZXJzaW9uIjoiMSJ9"
        }
      ]
    },
    {
      "mode": "managed",
      "type": "azurerm_log_analytics_saved_search",
      "name": "res-40",
      "provider": "provider[\"registry.terraform.io/hashicorp/azurerm\"]",
      "instances": [
        {
          "schema_version": 1,
          "attributes": {
            "category": "Log Management",
            "display_name": "Total Bytes received by each Azure Role Instance",
            "function_alias": "",
            "function_parameters": [],
            "id": "/subscriptions/c2a2f372-d73c-426e-985d-aeeb69f56647/resourceGroups/RG-ProjectDemo-Dev/providers/Microsoft.OperationalInsights/workspaces/DefaultWorkspace-c2a2f372-d73c-426e-985d-aeeb69f56647-EUS/savedSearches/LogManagement(DefaultWorkspace-c2a2f372-d73c-426e-985d-aeeb69f56647-EUS)_LogManagement|TotalBytesReceivedByEachAzureRoleInstance",
            "log_analytics_workspace_id": "/subscriptions/c2a2f372-d73c-426e-985d-aeeb69f56647/resourceGroups/RG-ProjectDemo-Dev/providers/Microsoft.OperationalInsights/workspaces/DefaultWorkspace-c2a2f372-d73c-426e-985d-aeeb69f56647-EUS",
            "name": "LogManagement(DefaultWorkspace-c2a2f372-d73c-426e-985d-aeeb69f56647-EUS)_LogManagement|TotalBytesReceivedByEachAzureRoleInstance",
            "query": "search * | extend Type = $table | where Type == W3CIISLog | summarize AggregatedValue = sum(csBytes) by RoleInstance\r\n// Oql: Type=W3CIISLog | Measure Sum(csBytes) by RoleInstance // Args: {OQ: True; WorkspaceId: 00000000-0000-0000-0000-000000000000} // Settings: {PEF: True; SortI: True; SortF: True} // Version: 0.1.122",
            "tags": {},
            "timeouts": null
          },
          "sensitive_attributes": [],
          "identity_schema_version": 0,
          "private": "eyJlMmJmYjczMC1lY2FhLTExZTYtOGY4OC0zNDM2M2JjN2M0YzAiOnsiY3JlYXRlIjoxODAwMDAwMDAwMDAwLCJkZWxldGUiOjE4MDAwMDAwMDAwMDAsInJlYWQiOjMwMDAwMDAwMDAwMH0sInNjaGVtYV92ZXJzaW9uIjoiMSJ9"
        }
      ]
    },
    {
      "mode": "managed",
      "type": "azurerm_log_analytics_saved_search",
      "name": "res-41",
      "provider": "provider[\"registry.terraform.io/hashicorp/azurerm\"]",
      "instances": [
        {
          "schema_version": 1,
          "attributes": {
            "category": "Log Management",
            "display_name": "Total Bytes received by each IIS Computer",
            "function_alias": "",
            "function_parameters": [],
            "id": "/subscriptions/c2a2f372-d73c-426e-985d-aeeb69f56647/resourceGroups/RG-ProjectDemo-Dev/providers/Microsoft.OperationalInsights/workspaces/DefaultWorkspace-c2a2f372-d73c-426e-985d-aeeb69f56647-EUS/savedSearches/LogManagement(DefaultWorkspace-c2a2f372-d73c-426e-985d-aeeb69f56647-EUS)_LogManagement|TotalBytesReceivedByEachIISComputer",
            "log_analytics_workspace_id": "/subscriptions/c2a2f372-d73c-426e-985d-aeeb69f56647/resourceGroups/RG-ProjectDemo-Dev/providers/Microsoft.OperationalInsights/workspaces/DefaultWorkspace-c2a2f372-d73c-426e-985d-aeeb69f56647-EUS",
            "name": "LogManagement(DefaultWorkspace-c2a2f372-d73c-426e-985d-aeeb69f56647-EUS)_LogManagement|TotalBytesReceivedByEachIISComputer",
            "query": "search * | extend Type = $table | where Type == W3CIISLog | summarize AggregatedValue = sum(csBytes) by Computer | limit 500000\r\n// Oql: Type=W3CIISLog | Measure Sum(csBytes) by Computer | top 500000 // Args: {OQ: True; WorkspaceId: 00000000-0000-0000-0000-000000000000} // Settings: {PEF: True; SortI: True; SortF: True} // Version: 0.1.122",
            "tags": {},
            "timeouts": null
          },
          "sensitive_attributes": [],
          "identity_schema_version": 0,
          "private": "eyJlMmJmYjczMC1lY2FhLTExZTYtOGY4OC0zNDM2M2JjN2M0YzAiOnsiY3JlYXRlIjoxODAwMDAwMDAwMDAwLCJkZWxldGUiOjE4MDAwMDAwMDAwMDAsInJlYWQiOjMwMDAwMDAwMDAwMH0sInNjaGVtYV92ZXJzaW9uIjoiMSJ9"
        }
      ]
    },
    {
      "mode": "managed",
      "type": "azurerm_log_analytics_saved_search",
      "name": "res-42",
      "provider": "provider[\"registry.terraform.io/hashicorp/azurerm\"]",
      "instances": [
        {
          "schema_version": 1,
          "attributes": {
            "category": "Log Management",
            "display_name": "Total Bytes responded back to clients by Client IP Address",
            "function_alias": "",
            "function_parameters": [],
            "id": "/subscriptions/c2a2f372-d73c-426e-985d-aeeb69f56647/resourceGroups/RG-ProjectDemo-Dev/providers/Microsoft.OperationalInsights/workspaces/DefaultWorkspace-c2a2f372-d73c-426e-985d-aeeb69f56647-EUS/savedSearches/LogManagement(DefaultWorkspace-c2a2f372-d73c-426e-985d-aeeb69f56647-EUS)_LogManagement|TotalBytesRespondedToClientsByClientIPAddress",
            "log_analytics_workspace_id": "/subscriptions/c2a2f372-d73c-426e-985d-aeeb69f56647/resourceGroups/RG-ProjectDemo-Dev/providers/Microsoft.OperationalInsights/workspaces/DefaultWorkspace-c2a2f372-d73c-426e-985d-aeeb69f56647-EUS",
            "name": "LogManagement(DefaultWorkspace-c2a2f372-d73c-426e-985d-aeeb69f56647-EUS)_LogManagement|TotalBytesRespondedToClientsByClientIPAddress",
            "query": "search * | extend Type = $table | where Type == W3CIISLog | summarize AggregatedValue = sum(scBytes) by cIP\r\n// Oql: Type=W3CIISLog | Measure Sum(scBytes) by cIP // Args: {OQ: True; WorkspaceId: 00000000-0000-0000-0000-000000000000} // Settings: {PEF: True; SortI: True; SortF: True} // Version: 0.1.122",
            "tags": {},
            "timeouts": null
          },
          "sensitive_attributes": [],
          "identity_schema_version": 0,
          "private": "eyJlMmJmYjczMC1lY2FhLTExZTYtOGY4OC0zNDM2M2JjN2M0YzAiOnsiY3JlYXRlIjoxODAwMDAwMDAwMDAwLCJkZWxldGUiOjE4MDAwMDAwMDAwMDAsInJlYWQiOjMwMDAwMDAwMDAwMH0sInNjaGVtYV92ZXJzaW9uIjoiMSJ9"
        }
      ]
    },
    {
      "mode": "managed",
      "type": "azurerm_log_analytics_saved_search",
      "name": "res-43",
      "provider": "provider[\"registry.terraform.io/hashicorp/azurerm\"]",
      "instances": [
        {
          "schema_version": 1,
          "attributes": {
            "category": "Log Management",
            "display_name": "Total Bytes responded back to clients by each IIS ServerIP Address",
            "function_alias": "",
            "function_parameters": [],
            "id": "/subscriptions/c2a2f372-d73c-426e-985d-aeeb69f56647/resourceGroups/RG-ProjectDemo-Dev/providers/Microsoft.OperationalInsights/workspaces/DefaultWorkspace-c2a2f372-d73c-426e-985d-aeeb69f56647-EUS/savedSearches/LogManagement(DefaultWorkspace-c2a2f372-d73c-426e-985d-aeeb69f56647-EUS)_LogManagement|TotalBytesRespondedToClientsByEachIISServerIPAddress",
            "log_analytics_workspace_id": "/subscriptions/c2a2f372-d73c-426e-985d-aeeb69f56647/resourceGroups/RG-ProjectDemo-Dev/providers/Microsoft.OperationalInsights/workspaces/DefaultWorkspace-c2a2f372-d73c-426e-985d-aeeb69f56647-EUS",
            "name": "LogManagement(DefaultWorkspace-c2a2f372-d73c-426e-985d-aeeb69f56647-EUS)_LogManagement|TotalBytesRespondedToClientsByEachIISServerIPAddress",
            "query": "search * | extend Type = $table | where Type == W3CIISLog | summarize AggregatedValue = sum(scBytes) by sIP\r\n// Oql: Type=W3CIISLog | Measure Sum(scBytes) by sIP // Args: {OQ: True; WorkspaceId: 00000000-0000-0000-0000-000000000000} // Settings: {PEF: True; SortI: True; SortF: True} // Version: 0.1.122",
            "tags": {},
            "timeouts": null
          },
          "sensitive_attributes": [],
          "identity_schema_version": 0,
          "private": "eyJlMmJmYjczMC1lY2FhLTExZTYtOGY4OC0zNDM2M2JjN2M0YzAiOnsiY3JlYXRlIjoxODAwMDAwMDAwMDAwLCJkZWxldGUiOjE4MDAwMDAwMDAwMDAsInJlYWQiOjMwMDAwMDAwMDAwMH0sInNjaGVtYV92ZXJzaW9uIjoiMSJ9"
        }
      ]
    },
    {
      "mode": "managed",
      "type": "azurerm_log_analytics_saved_search",
      "name": "res-44",
      "provider": "provider[\"registry.terraform.io/hashicorp/azurerm\"]",
      "instances": [
        {
          "schema_version": 1,
          "attributes": {
            "category": "Log Management",
            "display_name": "Total Bytes sent by Client IP Address",
            "function_alias": "",
            "function_parameters": [],
            "id": "/subscriptions/c2a2f372-d73c-426e-985d-aeeb69f56647/resourceGroups/RG-ProjectDemo-Dev/providers/Microsoft.OperationalInsights/workspaces/DefaultWorkspace-c2a2f372-d73c-426e-985d-aeeb69f56647-EUS/savedSearches/LogManagement(DefaultWorkspace-c2a2f372-d73c-426e-985d-aeeb69f56647-EUS)_LogManagement|TotalBytesSentByClientIPAddress",
            "log_analytics_workspace_id": "/subscriptions/c2a2f372-d73c-426e-985d-aeeb69f56647/resourceGroups/RG-ProjectDemo-Dev/providers/Microsoft.OperationalInsights/workspaces/DefaultWorkspace-c2a2f372-d73c-426e-985d-aeeb69f56647-EUS",
            "name": "LogManagement(DefaultWorkspace-c2a2f372-d73c-426e-985d-aeeb69f56647-EUS)_LogManagement|TotalBytesSentByClientIPAddress",
            "query": "search * | extend Type = $table | where Type == W3CIISLog | summarize AggregatedValue = sum(csBytes) by cIP\r\n// Oql: Type=W3CIISLog | Measure Sum(csBytes) by cIP // Args: {OQ: True; WorkspaceId: 00000000-0000-0000-0000-000000000000} // Settings: {PEF: True; SortI: True; SortF: True} // Version: 0.1.122",
            "tags": {},
            "timeouts": null
          },
          "sensitive_attributes": [],
          "identity_schema_version": 0,
          "private": "eyJlMmJmYjczMC1lY2FhLTExZTYtOGY4OC0zNDM2M2JjN2M0YzAiOnsiY3JlYXRlIjoxODAwMDAwMDAwMDAwLCJkZWxldGUiOjE4MDAwMDAwMDAwMDAsInJlYWQiOjMwMDAwMDAwMDAwMH0sInNjaGVtYV92ZXJzaW9uIjoiMSJ9"
        }
      ]
    },
    {
      "mode": "managed",
      "type": "azurerm_log_analytics_saved_search",
      "name": "res-45",
      "provider": "provider[\"registry.terraform.io/hashicorp/azurerm\"]",
      "instances": [
        {
          "schema_version": 1,
          "attributes": {
            "category": "Log Management",
            "display_name": "All Events with level \"Warning\"",
            "function_alias": "",
            "function_parameters": [],
            "id": "/subscriptions/c2a2f372-d73c-426e-985d-aeeb69f56647/resourceGroups/RG-ProjectDemo-Dev/providers/Microsoft.OperationalInsights/workspaces/DefaultWorkspace-c2a2f372-d73c-426e-985d-aeeb69f56647-EUS/savedSearches/LogManagement(DefaultWorkspace-c2a2f372-d73c-426e-985d-aeeb69f56647-EUS)_LogManagement|WarningEvents",
            "log_analytics_workspace_id": "/subscriptions/c2a2f372-d73c-426e-985d-aeeb69f56647/resourceGroups/RG-ProjectDemo-Dev/providers/Microsoft.OperationalInsights/workspaces/DefaultWorkspace-c2a2f372-d73c-426e-985d-aeeb69f56647-EUS",
            "name": "LogManagement(DefaultWorkspace-c2a2f372-d73c-426e-985d-aeeb69f56647-EUS)_LogManagement|WarningEvents",
            "query": "Event | where EventLevelName == \"warning\" | sort by TimeGenerated desc\r\n// Oql: Type=Event EventLevelName=warning // Args: {OQ: True; WorkspaceId: 00000000-0000-0000-0000-000000000000} // Settings: {PTT: True; SortI: True; SortF: True} // Version: 0.1.122",
            "tags": {},
            "timeouts": null
          },
          "sensitive_attributes": [],
          "identity_schema_version": 0,
          "private": "eyJlMmJmYjczMC1lY2FhLTExZTYtOGY4OC0zNDM2M2JjN2M0YzAiOnsiY3JlYXRlIjoxODAwMDAwMDAwMDAwLCJkZWxldGUiOjE4MDAwMDAwMDAwMDAsInJlYWQiOjMwMDAwMDAwMDAwMH0sInNjaGVtYV92ZXJzaW9uIjoiMSJ9"
        }
      ]
    },
    {
      "mode": "managed",
      "type": "azurerm_log_analytics_saved_search",
      "name": "res-46",
      "provider": "provider[\"registry.terraform.io/hashicorp/azurerm\"]",
      "instances": [
        {
          "schema_version": 1,
          "attributes": {
            "category": "Log Management",
            "display_name": "Windows Firewall Policy settings have changed",
            "function_alias": "",
            "function_parameters": [],
            "id": "/subscriptions/c2a2f372-d73c-426e-985d-aeeb69f56647/resourceGroups/RG-ProjectDemo-Dev/providers/Microsoft.OperationalInsights/workspaces/DefaultWorkspace-c2a2f372-d73c-426e-985d-aeeb69f56647-EUS/savedSearches/LogManagement(DefaultWorkspace-c2a2f372-d73c-426e-985d-aeeb69f56647-EUS)_LogManagement|WindowsFireawallPolicySettingsChanged",
            "log_analytics_workspace_id": "/subscriptions/c2a2f372-d73c-426e-985d-aeeb69f56647/resourceGroups/RG-ProjectDemo-Dev/providers/Microsoft.OperationalInsights/workspaces/DefaultWorkspace-c2a2f372-d73c-426e-985d-aeeb69f56647-EUS",
            "name": "LogManagement(DefaultWorkspace-c2a2f372-d73c-426e-985d-aeeb69f56647-EUS)_LogManagement|WindowsFireawallPolicySettingsChanged",
            "query": "Event | where EventLog == \"Microsoft-Windows-Windows Firewall With Advanced Security/Firewall\" and EventID == 2008 | sort by TimeGenerated desc\r\n// Oql: Type=Event EventLog=\"Microsoft-Windows-Windows Firewall With Advanced Security/Firewall\" EventID=2008 // Args: {OQ: True; WorkspaceId: 00000000-0000-0000-0000-000000000000} // Settings: {PTT: True; SortI: True; SortF: True} // Version: 0.1.122",
            "tags": {},
            "timeouts": null
          },
          "sensitive_attributes": [],
          "identity_schema_version": 0,
          "private": "eyJlMmJmYjczMC1lY2FhLTExZTYtOGY4OC0zNDM2M2JjN2M0YzAiOnsiY3JlYXRlIjoxODAwMDAwMDAwMDAwLCJkZWxldGUiOjE4MDAwMDAwMDAwMDAsInJlYWQiOjMwMDAwMDAwMDAwMH0sInNjaGVtYV92ZXJzaW9uIjoiMSJ9"
        }
      ]
    },
    {
      "mode": "managed",
      "type": "azurerm_log_analytics_saved_search",
      "name": "res-47",
      "provider": "provider[\"registry.terraform.io/hashicorp/azurerm\"]",
      "instances": [
        {
          "schema_version": 1,
          "attributes": {
            "category": "Log Management",
            "display_name": "On which machines and how many times have Windows Firewall Policy settings changed",
            "function_alias": "",
            "function_parameters": [],
            "id": "/subscriptions/c2a2f372-d73c-426e-985d-aeeb69f56647/resourceGroups/RG-ProjectDemo-Dev/providers/Microsoft.OperationalInsights/workspaces/DefaultWorkspace-c2a2f372-d73c-426e-985d-aeeb69f56647-EUS/savedSearches/LogManagement(DefaultWorkspace-c2a2f372-d73c-426e-985d-aeeb69f56647-EUS)_LogManagement|WindowsFireawallPolicySettingsChangedByMachines",
            "log_analytics_workspace_id": "/subscriptions/c2a2f372-d73c-426e-985d-aeeb69f56647/resourceGroups/RG-ProjectDemo-Dev/providers/Microsoft.OperationalInsights/workspaces/DefaultWorkspace-c2a2f372-d73c-426e-985d-aeeb69f56647-EUS",
            "name": "LogManagement(DefaultWorkspace-c2a2f372-d73c-426e-985d-aeeb69f56647-EUS)_LogManagement|WindowsFireawallPolicySettingsChangedByMachines",
            "query": "Event | where EventLog == \"Microsoft-Windows-Windows Firewall With Advanced Security/Firewall\" and EventID == 2008 | summarize AggregatedValue = count() by Computer | limit 500000\r\n// Oql: Type=Event EventLog=\"Microsoft-Windows-Windows Firewall With Advanced Security/Firewall\" EventID=2008 | measure count() by Computer | top 500000 // Args: {OQ: True; WorkspaceId: 00000000-0000-0000-0000-000000000000} // Settings: {PTT: True; SortI: True; SortF: True} // Version: 0.1.122",
            "tags": {},
            "timeouts": null
          },
          "sensitive_attributes": [],
          "identity_schema_version": 0,
          "private": "eyJlMmJmYjczMC1lY2FhLTExZTYtOGY4OC0zNDM2M2JjN2M0YzAiOnsiY3JlYXRlIjoxODAwMDAwMDAwMDAwLCJkZWxldGUiOjE4MDAwMDAwMDAwMDAsInJlYWQiOjMwMDAwMDAwMDAwMH0sInNjaGVtYV92ZXJzaW9uIjoiMSJ9"
        }
      ]
    },
    {
      "mode": "managed",
      "type": "azurerm_log_analytics_saved_search",
      "name": "res-9",
      "provider": "provider[\"registry.terraform.io/hashicorp/azurerm\"]",
      "instances": [
        {
          "schema_version": 1,
          "attributes": {
            "category": "General Exploration",
            "display_name": "All Computers with their most recent data",
            "function_alias": "",
            "function_parameters": [],
            "id": "/subscriptions/c2a2f372-d73c-426e-985d-aeeb69f56647/resourceGroups/RG-ProjectDemo-Dev/providers/Microsoft.OperationalInsights/workspaces/DefaultWorkspace-c2a2f372-d73c-426e-985d-aeeb69f56647-EUS/savedSearches/LogManagement(DefaultWorkspace-c2a2f372-d73c-426e-985d-aeeb69f56647-EUS)_General|AlphabeticallySortedComputers",
            "log_analytics_workspace_id": "/subscriptions/c2a2f372-d73c-426e-985d-aeeb69f56647/resourceGroups/RG-ProjectDemo-Dev/providers/Microsoft.OperationalInsights/workspaces/DefaultWorkspace-c2a2f372-d73c-426e-985d-aeeb69f56647-EUS",
            "name": "LogManagement(DefaultWorkspace-c2a2f372-d73c-426e-985d-aeeb69f56647-EUS)_General|AlphabeticallySortedComputers",
            "query": "search not(ObjectName == \"Advisor Metrics\" or ObjectName == \"ManagedSpace\") | summarize AggregatedValue = max(TimeGenerated) by Computer | limit 500000 | sort by Computer asc\r\n// Oql: NOT(ObjectName=\"Advisor Metrics\" OR ObjectName=ManagedSpace) | measure max(TimeGenerated) by Computer | top 500000 | Sort Computer // Args: {OQ: True; WorkspaceId: 00000000-0000-0000-0000-000000000000} // Settings: {PTT: True; SortI: True; SortF: True} // Version: 0.1.122",
            "tags": {},
            "timeouts": null
          },
          "sensitive_attributes": [],
          "identity_schema_version": 0,
          "private": "eyJlMmJmYjczMC1lY2FhLTExZTYtOGY4OC0zNDM2M2JjN2M0YzAiOnsiY3JlYXRlIjoxODAwMDAwMDAwMDAwLCJkZWxldGUiOjE4MDAwMDAwMDAwMDAsInJlYWQiOjMwMDAwMDAwMDAwMH0sInNjaGVtYV92ZXJzaW9uIjoiMSJ9"
        }
      ]
    },
    {
      "mode": "managed",
      "type": "azurerm_log_analytics_workspace",
      "name": "res-698",
      "provider": "provider[\"registry.terraform.io/hashicorp/azurerm\"]",
      "instances": [
        {
          "schema_version": 3,
          "attributes": {
            "allow_resource_only_permissions": true,
            "cmk_for_query_forced": false,
            "daily_quota_gb": -1,
            "data_collection_rule_id": "",
            "id": "/subscriptions/c2a2f372-d73c-426e-985d-aeeb69f56647/resourceGroups/RG-ProjectDemo-Dev/providers/Microsoft.OperationalInsights/workspaces/DefaultWorkspace-c2a2f372-d73c-426e-985d-aeeb69f56647-EUS",
            "identity": [],
            "immediate_data_purge_on_30_days_enabled": false,
            "internet_ingestion_enabled": true,
            "internet_query_enabled": true,
            "local_authentication_disabled": false,
            "location": "eastus",
            "name": "DefaultWorkspace-c2a2f372-d73c-426e-985d-aeeb69f56647-EUS",
            "primary_shared_key": "H7fK46mdw0v1nBmdVyKsIHlqLSt+2Cdh03bjaasNsgeleqwo71C5pdXDbQeeWKJjRD6CTSC+o86xNxVhdCI+6Q==",
            "reservation_capacity_in_gb_per_day": null,
            "resource_group_name": "RG-ProjectDemo-Dev",
            "retention_in_days": 30,
            "secondary_shared_key": "BdkQ1+twBMGSysHiKjtWXr+m974HVMvHov1tajJQ8RhOqapDJD9pzlQ2Nd57umqWnCDu8LR3omzm/c4aEf6Slw==",
            "sku": "PerGB2018",
            "tags": {},
            "timeouts": null,
            "workspace_id": "e2b18a8c-d965-413a-b365-8245baa5be9a"
          },
          "sensitive_attributes": [
            [
              {
                "type": "get_attr",
                "value": "primary_shared_key"
              }
            ],
            [
              {
                "type": "get_attr",
                "value": "secondary_shared_key"
              }
            ]
          ],
          "identity_schema_version": 0,
          "private": "eyJlMmJmYjczMC1lY2FhLTExZTYtOGY4OC0zNDM2M2JjN2M0YzAiOnsiY3JlYXRlIjoxODAwMDAwMDAwMDAwLCJkZWxldGUiOjE4MDAwMDAwMDAwMDAsInJlYWQiOjMwMDAwMDAwMDAwMCwidXBkYXRlIjoxODAwMDAwMDAwMDAwfSwic2NoZW1hX3ZlcnNpb24iOiIzIn0="
        }
      ]
    },
    {
      "mode": "managed",
      "type": "azurerm_monitor_action_group",
      "name": "res-696",
      "provider": "provider[\"registry.terraform.io/hashicorp/azurerm\"]",
      "instances": [
        {
          "schema_version": 1,
          "attributes": {
            "arm_role_receiver": [
              {
                "name": "Monitoring Contributor",
                "role_id": "749f88d5-cbae-40b8-bcfc-e573ddc772fa",
                "use_common_alert_schema": true
              },
              {
                "name": "Monitoring Reader",
                "role_id": "43d0d8ad-25c7-4714-9337-8ba259a9fe05",
                "use_common_alert_schema": true
              }
            ],
            "automation_runbook_receiver": [],
            "azure_app_push_receiver": [],
            "azure_function_receiver": [],
            "email_receiver": [],
            "enabled": true,
            "event_hub_receiver": [],
            "id": "/subscriptions/c2a2f372-d73c-426e-985d-aeeb69f56647/resourceGroups/RG-ProjectDemo-Dev/providers/Microsoft.Insights/actionGroups/Application Insights Smart Detection",
            "itsm_receiver": [],
            "location": "global",
            "logic_app_receiver": [],
            "name": "Application Insights Smart Detection",
            "resource_group_name": "RG-ProjectDemo-Dev",
            "short_name": "SmartDetect",
            "sms_receiver": [],
            "tags": {},
            "timeouts": null,
            "voice_receiver": [],
            "webhook_receiver": []
          },
          "sensitive_attributes": [],
          "identity_schema_version": 0,
          "private": "eyJlMmJmYjczMC1lY2FhLTExZTYtOGY4OC0zNDM2M2JjN2M0YzAiOnsiY3JlYXRlIjoxODAwMDAwMDAwMDAwLCJkZWxldGUiOjE4MDAwMDAwMDAwMDAsInJlYWQiOjMwMDAwMDAwMDAwMCwidXBkYXRlIjoxODAwMDAwMDAwMDAwfSwic2NoZW1hX3ZlcnNpb24iOiIxIn0="
        }
      ]
    },
    {
      "mode": "managed",
      "type": "azurerm_mssql_database",
      "name": "res-651",
      "provider": "provider[\"registry.terraform.io/hashicorp/azurerm\"]",
      "instances": [
        {
          "schema_version": 1,
          "attributes": {
            "auto_pause_delay_in_minutes": 60,
            "collation": "SQL_Latin1_General_CP1_CI_AS",
            "create_mode": "Default",
            "creation_source_database_id": null,
            "elastic_pool_id": "",
            "enclave_type": "",
            "geo_backup_enabled": true,
            "id": "/subscriptions/c2a2f372-d73c-426e-985d-aeeb69f56647/resourceGroups/RG-ProjectDemo-Dev/providers/Microsoft.Sql/servers/project-demo-sql-server/databases/ProjectDemoSql",
            "identity": [],
            "import": [],
            "ledger_enabled": false,
            "license_type": "",
            "long_term_retention_policy": [
              {
                "immutable_backups_enabled": false,
                "monthly_retention": "PT0S",
                "week_of_year": 1,
                "weekly_retention": "PT0S",
                "yearly_retention": "PT0S"
              }
            ],
            "maintenance_configuration_name": "SQL_Default",
            "max_size_gb": 2,
            "min_capacity": 0.5,
            "name": "ProjectDemoSql",
            "read_replica_count": 0,
            "read_scale": false,
            "recover_database_id": null,
            "recovery_point_id": null,
            "restore_dropped_database_id": null,
            "restore_long_term_retention_backup_id": null,
            "restore_point_in_time": null,
            "sample_name": null,
            "secondary_type": "",
            "server_id": "/subscriptions/c2a2f372-d73c-426e-985d-aeeb69f56647/resourceGroups/RG-ProjectDemo-Dev/providers/Microsoft.Sql/servers/project-demo-sql-server",
            "short_term_retention_policy": [
              {
                "backup_interval_in_hours": 12,
                "retention_days": 7
              }
            ],
            "sku_name": "GP_S_Gen5_1",
            "storage_account_type": "Local",
            "tags": {
              "project": "project-demo"
            },
            "threat_detection_policy": [
              {
                "disabled_alerts": [],
                "email_account_admins": "Disabled",
                "email_addresses": [],
                "retention_days": 0,
                "state": "Disabled",
                "storage_account_access_key": "",
                "storage_endpoint": ""
              }
            ],
            "timeouts": null,
            "transparent_data_encryption_enabled": true,
            "transparent_data_encryption_key_automatic_rotation_enabled": false,
            "transparent_data_encryption_key_vault_key_id": "",
            "zone_redundant": false
          },
          "sensitive_attributes": [
            [
              {
                "type": "get_attr",
                "value": "threat_detection_policy"
              },
              {
                "type": "index",
                "value": {
                  "value": 0,
                  "type": "number"
                }
              },
              {
                "type": "get_attr",
                "value": "storage_account_access_key"
              }
            ]
          ],
          "identity_schema_version": 0,
          "private": "eyJlMmJmYjczMC1lY2FhLTExZTYtOGY4OC0zNDM2M2JjN2M0YzAiOnsiY3JlYXRlIjozNjAwMDAwMDAwMDAwLCJkZWxldGUiOjM2MDAwMDAwMDAwMDAsInJlYWQiOjMwMDAwMDAwMDAwMCwidXBkYXRlIjozNjAwMDAwMDAwMDAwfSwic2NoZW1hX3ZlcnNpb24iOiIxIn0="
        }
      ]
    },
    {
      "mode": "managed",
      "type": "azurerm_mssql_database_extended_auditing_policy",
      "name": "res-657",
      "provider": "provider[\"registry.terraform.io/hashicorp/azurerm\"]",
      "instances": [
        {
          "schema_version": 0,
          "attributes": {
            "database_id": "/subscriptions/c2a2f372-d73c-426e-985d-aeeb69f56647/resourceGroups/RG-ProjectDemo-Dev/providers/Microsoft.Sql/servers/project-demo-sql-server/databases/ProjectDemoSql",
            "enabled": false,
            "id": "/subscriptions/c2a2f372-d73c-426e-985d-aeeb69f56647/resourceGroups/RG-ProjectDemo-Dev/providers/Microsoft.Sql/servers/project-demo-sql-server/databases/ProjectDemoSql/extendedAuditingSettings/Default",
            "log_monitoring_enabled": false,
            "retention_in_days": 0,
            "storage_account_access_key": null,
            "storage_account_access_key_is_secondary": false,
            "storage_endpoint": "",
            "timeouts": null
          },
          "sensitive_attributes": [
            [
              {
                "type": "get_attr",
                "value": "storage_account_access_key"
              }
            ]
          ],
          "identity_schema_version": 0,
          "private": "eyJlMmJmYjczMC1lY2FhLTExZTYtOGY4OC0zNDM2M2JjN2M0YzAiOnsiY3JlYXRlIjoxODAwMDAwMDAwMDAwLCJkZWxldGUiOjE4MDAwMDAwMDAwMDAsInJlYWQiOjMwMDAwMDAwMDAwMCwidXBkYXRlIjoxODAwMDAwMDAwMDAwfSwic2NoZW1hX3ZlcnNpb24iOiIwIn0="
        }
      ]
    },
    {
      "mode": "managed",
      "type": "azurerm_mssql_database_extended_auditing_policy",
      "name": "res-666",
      "provider": "provider[\"registry.terraform.io/hashicorp/azurerm\"]",
      "instances": [
        {
          "schema_version": 0,
          "attributes": {
            "database_id": "/subscriptions/c2a2f372-d73c-426e-985d-aeeb69f56647/resourceGroups/RG-ProjectDemo-Dev/providers/Microsoft.Sql/servers/project-demo-sql-server/databases/master",
            "enabled": false,
            "id": "/subscriptions/c2a2f372-d73c-426e-985d-aeeb69f56647/resourceGroups/RG-ProjectDemo-Dev/providers/Microsoft.Sql/servers/project-demo-sql-server/databases/master/extendedAuditingSettings/Default",
            "log_monitoring_enabled": false,
            "retention_in_days": 0,
            "storage_account_access_key": null,
            "storage_account_access_key_is_secondary": false,
            "storage_endpoint": "",
            "timeouts": null
          },
          "sensitive_attributes": [
            [
              {
                "type": "get_attr",
                "value": "storage_account_access_key"
              }
            ]
          ],
          "identity_schema_version": 0,
          "private": "eyJlMmJmYjczMC1lY2FhLTExZTYtOGY4OC0zNDM2M2JjN2M0YzAiOnsiY3JlYXRlIjoxODAwMDAwMDAwMDAwLCJkZWxldGUiOjE4MDAwMDAwMDAwMDAsInJlYWQiOjMwMDAwMDAwMDAwMCwidXBkYXRlIjoxODAwMDAwMDAwMDAwfSwic2NoZW1hX3ZlcnNpb24iOiIwIn0="
        }
      ]
    },
    {
      "mode": "managed",
      "type": "azurerm_mssql_firewall_rule",
      "name": "res-675",
      "provider": "provider[\"registry.terraform.io/hashicorp/azurerm\"]",
      "instances": [
        {
          "schema_version": 0,
          "attributes": {
            "end_ip_address": "95.166.23.32",
            "id": "/subscriptions/c2a2f372-d73c-426e-985d-aeeb69f56647/resourceGroups/RG-ProjectDemo-Dev/providers/Microsoft.Sql/servers/project-demo-sql-server/firewallRules/ClientIPAddress_2025-6-23_22-2-26",
            "name": "ClientIPAddress_2025-6-23_22-2-26",
            "server_id": "/subscriptions/c2a2f372-d73c-426e-985d-aeeb69f56647/resourceGroups/RG-ProjectDemo-Dev/providers/Microsoft.Sql/servers/project-demo-sql-server",
            "start_ip_address": "95.166.23.32",
            "timeouts": null
          },
          "sensitive_attributes": [],
          "identity_schema_version": 0,
          "private": "eyJlMmJmYjczMC1lY2FhLTExZTYtOGY4OC0zNDM2M2JjN2M0YzAiOnsiY3JlYXRlIjoxODAwMDAwMDAwMDAwLCJkZWxldGUiOjE4MDAwMDAwMDAwMDAsInJlYWQiOjMwMDAwMDAwMDAwMCwidXBkYXRlIjoxODAwMDAwMDAwMDAwfSwic2NoZW1hX3ZlcnNpb24iOiIwIn0="
        }
      ]
    },
    {
      "mode": "managed",
      "type": "azurerm_mssql_server",
      "name": "res-639",
      "provider": "provider[\"registry.terraform.io/hashicorp/azurerm\"]",
      "instances": [
        {
          "schema_version": 0,
          "attributes": {
            "administrator_login": "CloudSA407edb68",
            "administrator_login_password": null,
            "administrator_login_password_wo": null,
            "administrator_login_password_wo_version": 0,
            "azuread_administrator": [
              {
                "azuread_authentication_only": true,
                "login_username": "dan@reddog32.com",
                "object_id": "ac63d440-3ec6-4217-8121-c62ca979c3b9",
                "tenant_id": "73bf9c05-bd27-4332-a610-bb1a50300369"
              }
            ],
            "connection_policy": "Default",
            "express_vulnerability_assessment_enabled": false,
            "fully_qualified_domain_name": "project-demo-sql-server.database.windows.net",
            "id": "/subscriptions/c2a2f372-d73c-426e-985d-aeeb69f56647/resourceGroups/RG-ProjectDemo-Dev/providers/Microsoft.Sql/servers/project-demo-sql-server",
            "identity": [],
            "location": "eastus2",
            "minimum_tls_version": "1.2",
            "name": "project-demo-sql-server",
            "outbound_network_restriction_enabled": false,
            "primary_user_assigned_identity_id": "",
            "public_network_access_enabled": true,
            "resource_group_name": "RG-ProjectDemo-Dev",
            "restorable_dropped_database_ids": [],
            "tags": {},
            "timeouts": null,
            "transparent_data_encryption_key_vault_key_id": "",
            "version": "12.0"
          },
          "sensitive_attributes": [
            [
              {
                "type": "get_attr",
                "value": "administrator_login_password"
              }
            ],
            [
              {
                "type": "get_attr",
                "value": "administrator_login_password_wo"
              }
            ]
          ],
          "identity_schema_version": 0,
          "private": "eyJlMmJmYjczMC1lY2FhLTExZTYtOGY4OC0zNDM2M2JjN2M0YzAiOnsiY3JlYXRlIjozNjAwMDAwMDAwMDAwLCJkZWxldGUiOjM2MDAwMDAwMDAwMDAsInJlYWQiOjMwMDAwMDAwMDAwMCwidXBkYXRlIjozNjAwMDAwMDAwMDAwfSwic2NoZW1hX3ZlcnNpb24iOiIwIn0="
        }
      ]
    },
    {
      "mode": "managed",
      "type": "azurerm_mssql_server_extended_auditing_policy",
      "name": "res-674",
      "provider": "provider[\"registry.terraform.io/hashicorp/azurerm\"]",
      "instances": [
        {
          "schema_version": 0,
          "attributes": {
            "audit_actions_and_groups": [],
            "enabled": false,
            "id": "/subscriptions/c2a2f372-d73c-426e-985d-aeeb69f56647/resourceGroups/RG-ProjectDemo-Dev/providers/Microsoft.Sql/servers/project-demo-sql-server/extendedAuditingSettings/Default",
            "log_monitoring_enabled": false,
            "predicate_expression": "",
            "retention_in_days": 0,
            "server_id": "/subscriptions/c2a2f372-d73c-426e-985d-aeeb69f56647/resourceGroups/RG-ProjectDemo-Dev/providers/Microsoft.Sql/servers/project-demo-sql-server",
            "storage_account_access_key": null,
            "storage_account_access_key_is_secondary": false,
            "storage_account_subscription_id": null,
            "storage_endpoint": "",
            "timeouts": null
          },
          "sensitive_attributes": [
            [
              {
                "type": "get_attr",
                "value": "storage_account_access_key"
              }
            ],
            [
              {
                "type": "get_attr",
                "value": "storage_account_subscription_id"
              }
            ]
          ],
          "identity_schema_version": 0,
          "private": "eyJlMmJmYjczMC1lY2FhLTExZTYtOGY4OC0zNDM2M2JjN2M0YzAiOnsiY3JlYXRlIjoxODAwMDAwMDAwMDAwLCJkZWxldGUiOjE4MDAwMDAwMDAwMDAsInJlYWQiOjMwMDAwMDAwMDAwMCwidXBkYXRlIjoxODAwMDAwMDAwMDAwfSwic2NoZW1hX3ZlcnNpb24iOiIwIn0="
        }
      ]
    },
    {
      "mode": "managed",
      "type": "azurerm_mssql_server_microsoft_support_auditing_policy",
      "name": "res-672",
      "provider": "provider[\"registry.terraform.io/hashicorp/azurerm\"]",
      "instances": [
        {
          "schema_version": 0,
          "attributes": {
            "blob_storage_endpoint": "",
            "enabled": false,
            "id": "/subscriptions/c2a2f372-d73c-426e-985d-aeeb69f56647/resourceGroups/RG-ProjectDemo-Dev/providers/Microsoft.Sql/servers/project-demo-sql-server/devOpsAuditingSettings/Default",
            "log_monitoring_enabled": false,
            "server_id": "/subscriptions/c2a2f372-d73c-426e-985d-aeeb69f56647/resourceGroups/RG-ProjectDemo-Dev/providers/Microsoft.Sql/servers/project-demo-sql-server",
            "storage_account_access_key": null,
            "storage_account_subscription_id": null,
            "timeouts": null
          },
          "sensitive_attributes": [
            [
              {
                "type": "get_attr",
                "value": "storage_account_access_key"
              }
            ],
            [
              {
                "type": "get_attr",
                "value": "storage_account_subscription_id"
              }
            ]
          ],
          "identity_schema_version": 0,
          "private": "eyJlMmJmYjczMC1lY2FhLTExZTYtOGY4OC0zNDM2M2JjN2M0YzAiOnsiY3JlYXRlIjoxODAwMDAwMDAwMDAwLCJkZWxldGUiOjE4MDAwMDAwMDAwMDAsInJlYWQiOjMwMDAwMDAwMDAwMCwidXBkYXRlIjoxODAwMDAwMDAwMDAwfSwic2NoZW1hX3ZlcnNpb24iOiIwIn0="
        }
      ]
    },
    {
      "mode": "managed",
      "type": "azurerm_mssql_server_security_alert_policy",
      "name": "res-677",
      "provider": "provider[\"registry.terraform.io/hashicorp/azurerm\"]",
      "instances": [
        {
          "schema_version": 0,
          "attributes": {
            "disabled_alerts": [],
            "email_account_admins": false,
            "email_addresses": [],
            "id": "/subscriptions/c2a2f372-d73c-426e-985d-aeeb69f56647/resourceGroups/RG-ProjectDemo-Dev/providers/Microsoft.Sql/servers/project-demo-sql-server/securityAlertPolicies/Default",
            "resource_group_name": "RG-ProjectDemo-Dev",
            "retention_days": 0,
            "server_name": "project-demo-sql-server",
            "state": "Disabled",
            "storage_account_access_key": "",
            "storage_endpoint": "",
            "timeouts": null
          },
          "sensitive_attributes": [
            [
              {
                "type": "get_attr",
                "value": "storage_account_access_key"
              }
            ]
          ],
          "identity_schema_version": 0,
          "private": "eyJlMmJmYjczMC1lY2FhLTExZTYtOGY4OC0zNDM2M2JjN2M0YzAiOnsiY3JlYXRlIjoxODAwMDAwMDAwMDAwLCJkZWxldGUiOjE4MDAwMDAwMDAwMDAsInJlYWQiOjMwMDAwMDAwMDAwMCwidXBkYXRlIjoxODAwMDAwMDAwMDAwfSwic2NoZW1hX3ZlcnNpb24iOiIwIn0="
        }
      ]
    },
    {
      "mode": "managed",
      "type": "azurerm_mssql_server_transparent_data_encryption",
      "name": "res-673",
      "provider": "provider[\"registry.terraform.io/hashicorp/azurerm\"]",
      "instances": [
        {
          "schema_version": 1,
          "attributes": {
            "auto_rotation_enabled": false,
            "id": "/subscriptions/c2a2f372-d73c-426e-985d-aeeb69f56647/resourceGroups/RG-ProjectDemo-Dev/providers/Microsoft.Sql/servers/project-demo-sql-server/encryptionProtector/current",
            "key_vault_key_id": "",
            "managed_hsm_key_id": "",
            "server_id": "/subscriptions/c2a2f372-d73c-426e-985d-aeeb69f56647/resourceGroups/RG-ProjectDemo-Dev/providers/Microsoft.Sql/servers/project-demo-sql-server",
            "timeouts": null
          },
          "sensitive_attributes": [],
          "identity_schema_version": 0,
          "private": "eyJlMmJmYjczMC1lY2FhLTExZTYtOGY4OC0zNDM2M2JjN2M0YzAiOnsiY3JlYXRlIjoxODAwMDAwMDAwMDAwLCJkZWxldGUiOjE4MDAwMDAwMDAwMDAsInJlYWQiOjMwMDAwMDAwMDAwMCwidXBkYXRlIjoxODAwMDAwMDAwMDAwfSwic2NoZW1hX3ZlcnNpb24iOiIxIn0="
        }
      ]
    },
    {
      "mode": "managed",
      "type": "azurerm_mssql_server_vulnerability_assessment",
      "name": "res-679",
      "provider": "provider[\"registry.terraform.io/hashicorp/azurerm\"]",
      "instances": [
        {
          "schema_version": 0,
          "attributes": {
            "id": "/subscriptions/c2a2f372-d73c-426e-985d-aeeb69f56647/resourceGroups/RG-ProjectDemo-Dev/providers/Microsoft.Sql/servers/project-demo-sql-server/vulnerabilityAssessments/Default",
            "recurring_scans": [
              {
                "email_subscription_admins": true,
                "emails": [],
                "enabled": false
              }
            ],
            "server_security_alert_policy_id": "/subscriptions/c2a2f372-d73c-426e-985d-aeeb69f56647/resourceGroups/RG-ProjectDemo-Dev/providers/Microsoft.Sql/servers/project-demo-sql-server/securityAlertPolicies/Default",
            "storage_account_access_key": "",
            "storage_container_path": "",
            "storage_container_sas_key": "",
            "timeouts": null
          },
          "sensitive_attributes": [
            [
              {
                "type": "get_attr",
                "value": "storage_account_access_key"
              }
            ],
            [
              {
                "type": "get_attr",
                "value": "storage_container_sas_key"
              }
            ]
          ],
          "identity_schema_version": 0,
          "private": "eyJlMmJmYjczMC1lY2FhLTExZTYtOGY4OC0zNDM2M2JjN2M0YzAiOnsiY3JlYXRlIjoxODAwMDAwMDAwMDAwLCJkZWxldGUiOjE4MDAwMDAwMDAwMDAsInJlYWQiOjMwMDAwMDAwMDAwMCwidXBkYXRlIjoxODAwMDAwMDAwMDAwfSwic2NoZW1hX3ZlcnNpb24iOiIwIn0="
        }
      ]
    },
    {
      "mode": "managed",
      "type": "azurerm_resource_group",
      "name": "res-0",
      "provider": "provider[\"registry.terraform.io/hashicorp/azurerm\"]",
      "instances": [
        {
          "schema_version": 0,
          "attributes": {
            "id": "/subscriptions/c2a2f372-d73c-426e-985d-aeeb69f56647/resourceGroups/RG-ProjectDemo-Dev",
            "location": "eastus",
            "managed_by": "",
            "name": "RG-ProjectDemo-Dev",
            "tags": {},
            "timeouts": null
          },
          "sensitive_attributes": [],
          "identity_schema_version": 0,
          "private": "eyJlMmJmYjczMC1lY2FhLTExZTYtOGY4OC0zNDM2M2JjN2M0YzAiOnsiY3JlYXRlIjo1NDAwMDAwMDAwMDAwLCJkZWxldGUiOjU0MDAwMDAwMDAwMDAsInJlYWQiOjMwMDAwMDAwMDAwMCwidXBkYXRlIjo1NDAwMDAwMDAwMDAwfSwic2NoZW1hX3ZlcnNpb24iOiIwIn0="
        }
      ]
    },
    {
      "mode": "managed",
      "type": "azurerm_service_plan",
      "name": "res-680",
      "provider": "provider[\"registry.terraform.io/hashicorp/azurerm\"]",
      "instances": [
        {
          "schema_version": 1,
          "attributes": {
            "app_service_environment_id": "",
            "id": "/subscriptions/c2a2f372-d73c-426e-985d-aeeb69f56647/resourceGroups/RG-ProjectDemo-Dev/providers/Microsoft.Web/serverFarms/ASP-ProjectDemo-ca6e",
            "kind": "app",
            "location": "eastus2",
            "maximum_elastic_worker_count": 1,
            "name": "ASP-ProjectDemo-ca6e",
            "os_type": "Windows",
            "per_site_scaling_enabled": false,
            "premium_plan_auto_scale_enabled": false,
            "reserved": false,
            "resource_group_name": "RG-ProjectDemo-Dev",
            "sku_name": "F1",
            "tags": {
              "project": "project-demo"
            },
            "timeouts": null,
            "worker_count": 0,
            "zone_balancing_enabled": false
          },
          "sensitive_attributes": [],
          "identity_schema_version": 0,
          "private": "eyJlMmJmYjczMC1lY2FhLTExZTYtOGY4OC0zNDM2M2JjN2M0YzAiOnsiY3JlYXRlIjozNjAwMDAwMDAwMDAwLCJkZWxldGUiOjM2MDAwMDAwMDAwMDAsInJlYWQiOjMwMDAwMDAwMDAwMCwidXBkYXRlIjozNjAwMDAwMDAwMDAwfSwic2NoZW1hX3ZlcnNpb24iOiIxIn0="
        }
      ]
    },
    {
      "mode": "managed",
      "type": "azurerm_windows_web_app",
      "name": "res-681",
      "provider": "provider[\"registry.terraform.io/hashicorp/azurerm\"]",
      "instances": [
        {
          "schema_version": 1,
          "attributes": {
            "app_settings": {
              "APPLICATIONINSIGHTS_CONNECTION_STRING": "InstrumentationKey=d0f5754e-4b06-4d13-a61e-78b7baf34c1f;IngestionEndpoint=https://eastus-8.in.applicationinsights.azure.com/;LiveEndpoint=https://eastus.livediagnostics.monitor.azure.com/;ApplicationId=216cb555-6a68-45cd-8fc9-1e4c8f915d4c",
              "ApplicationInsightsAgent_EXTENSION_VERSION": "~2",
              "KeyVault__Url": "https://projectdemo-dev.vault.azure.net/",
              "XDT_MicrosoftApplicationInsights_Mode": "default"
            },
            "auth_settings": [],
            "auth_settings_v2": [],
            "backup": [],
            "client_affinity_enabled": true,
            "client_certificate_enabled": false,
            "client_certificate_exclusion_paths": "",
            "client_certificate_mode": "Required",
            "connection_string": [],
            "custom_domain_verification_id": "F27CB95DD3A9EFB1C57C9AD4272EB4EA45603D7D9BE37CFA8C8A26DE2E7302FB",
            "default_hostname": "projectdemoapi-hfdecyeea8gyacbg.eastus2-01.azurewebsites.net",
            "enabled": true,
            "ftp_publish_basic_authentication_enabled": false,
            "hosting_environment_id": "",
            "https_only": true,
            "id": "/subscriptions/c2a2f372-d73c-426e-985d-aeeb69f56647/resourceGroups/RG-ProjectDemo-Dev/providers/Microsoft.Web/sites/ProjectDemoApi",
            "identity": [],
            "key_vault_reference_identity_id": "SystemAssigned",
            "kind": "app",
            "location": "eastus2",
            "logs": [
              {
                "application_logs": [],
                "detailed_error_messages": false,
                "failed_request_tracing": false,
                "http_logs": [
                  {
                    "azure_blob_storage": [],
                    "file_system": [
                      {
                        "retention_in_days": 1,
                        "retention_in_mb": 35
                      }
                    ]
                  }
                ]
              }
            ],
            "name": "ProjectDemoApi",
            "outbound_ip_address_list": [
              "135.237.216.24",
              "20.119.128.7"
            ],
            "outbound_ip_addresses": "135.237.216.24,20.119.128.7",
            "possible_outbound_ip_address_list": [
              "52.232.225.117",
              "52.232.229.244",
              "40.65.243.184",
              "40.65.245.102",
              "40.65.245.178",
              "40.65.247.191",
              "135.237.216.24",
              "52.138.105.164",
              "52.138.106.187",
              "52.138.109.127",
              "52.167.27.85",
              "52.167.28.40",
              "52.167.29.154",
              "52.167.184.17",
              "52.167.190.69",
              "52.177.161.190",
              "52.184.232.80",
              "52.184.238.50",
              "52.247.88.11",
              "52.251.101.176",
              "52.254.45.219",
              "52.254.47.76",
              "52.254.47.99",
              "52.254.47.122",
              "52.254.47.154",
              "20.57.96.3",
              "20.57.96.8",
              "20.57.96.31",
              "20.57.96.61",
              "20.57.96.86",
              "20.57.96.110",
              "20.119.128.7"
            ],
            "possible_outbound_ip_addresses": "52.232.225.117,52.232.229.244,40.65.243.184,40.65.245.102,40.65.245.178,40.65.247.191,135.237.216.24,52.138.105.164,52.138.106.187,52.138.109.127,52.167.27.85,52.167.28.40,52.167.29.154,52.167.184.17,52.167.190.69,52.177.161.190,52.184.232.80,52.184.238.50,52.247.88.11,52.251.101.176,52.254.45.219,52.254.47.76,52.254.47.99,52.254.47.122,52.254.47.154,20.57.96.3,20.57.96.8,20.57.96.31,20.57.96.61,20.57.96.86,20.57.96.110,20.119.128.7",
            "public_network_access_enabled": true,
            "resource_group_name": "RG-ProjectDemo-Dev",
            "service_plan_id": "/subscriptions/c2a2f372-d73c-426e-985d-aeeb69f56647/resourceGroups/RG-ProjectDemo-Dev/providers/Microsoft.Web/serverFarms/ASP-ProjectDemo-ca6e",
            "site_config": [
              {
                "always_on": false,
                "api_definition_url": "",
                "api_management_api_id": "",
                "app_command_line": "",
                "application_stack": [
                  {
                    "current_stack": "dotnet",
                    "docker_image_name": "",
                    "docker_registry_password": "",
                    "docker_registry_url": "",
                    "docker_registry_username": "",
                    "dotnet_core_version": "",
                    "dotnet_version": "v8.0",
                    "java_container": "",
                    "java_container_version": "",
                    "java_embedded_server_enabled": false,
                    "java_version": "",
                    "node_version": "",
                    "php_version": "Off",
                    "python": false,
                    "tomcat_version": ""
                  }
                ],
                "auto_heal_setting": [],
                "container_registry_managed_identity_client_id": "",
                "container_registry_use_managed_identity": false,
                "cors": [],
                "default_documents": [
                  "Default.htm",
                  "Default.html",
                  "Default.asp",
                  "index.htm",
                  "index.html",
                  "iisstart.htm",
                  "default.aspx",
                  "index.php",
                  "hostingstart.html"
                ],
                "detailed_error_logging_enabled": false,
                "ftps_state": "FtpsOnly",
                "handler_mapping": [],
                "health_check_eviction_time_in_min": 0,
                "health_check_path": "",
                "http2_enabled": false,
                "ip_restriction": [],
                "ip_restriction_default_action": "",
                "linux_fx_version": "",
                "load_balancing_mode": "LeastRequests",
                "local_mysql_enabled": false,
                "managed_pipeline_mode": "Integrated",
                "minimum_tls_version": "1.2",
                "remote_debugging_enabled": false,
                "remote_debugging_version": "",
                "scm_ip_restriction": [],
                "scm_ip_restriction_default_action": "",
                "scm_minimum_tls_version": "1.2",
                "scm_type": "None",
                "scm_use_main_ip_restriction": false,
                "use_32_bit_worker": true,
                "virtual_application": [],
                "vnet_route_all_enabled": false,
                "websockets_enabled": false,
                "windows_fx_version": "",
                "worker_count": 1
              }
            ],
            "site_credential": [
              {
                "name": "$ProjectDemoApi",
                "password": "Mne0ddzLS2ChG4gQrCGC8P3W8ri28mFaJKocb5JAmDHa0E5lnaNFj2nJCrYr"
              }
            ],
            "sticky_settings": [],
            "storage_account": [],
            "tags": {
              "hidden-link: /app-insights-conn-string": "InstrumentationKey=d0f5754e-4b06-4d13-a61e-78b7baf34c1f;IngestionEndpoint=https://eastus-8.in.applicationinsights.azure.com/;LiveEndpoint=https://eastus.livediagnostics.monitor.azure.com/;ApplicationId=216cb555-6a68-45cd-8fc9-1e4c8f915d4c",
              "hidden-link: /app-insights-instrumentation-key": "d0f5754e-4b06-4d13-a61e-78b7baf34c1f",
              "hidden-link: /app-insights-resource-id": "/subscriptions/c2a2f372-d73c-426e-985d-aeeb69f56647/resourceGroups/RG-ProjectDemo/providers/microsoft.insights/components/ProjectDemo-AppInsights",
              "project": "projectDemo"
            },
            "timeouts": null,
            "virtual_network_backup_restore_enabled": false,
            "virtual_network_subnet_id": "",
            "webdeploy_publish_basic_authentication_enabled": true,
            "zip_deploy_file": ""
          },
          "sensitive_attributes": [
            [
              {
                "type": "get_attr",
                "value": "custom_domain_verification_id"
              }
            ],
            [
              {
                "type": "get_attr",
                "value": "site_config"
              },
              {
                "type": "index",
                "value": {
                  "value": 0,
                  "type": "number"
                }
              },
              {
                "type": "get_attr",
                "value": "application_stack"
              },
              {
                "type": "index",
                "value": {
                  "value": 0,
                  "type": "number"
                }
              },
              {
                "type": "get_attr",
                "value": "docker_registry_password"
              }
            ],
            [
              {
                "type": "get_attr",
                "value": "site_credential"
              }
            ]
          ],
          "identity_schema_version": 0,
          "private": "eyJlMmJmYjczMC1lY2FhLTExZTYtOGY4OC0zNDM2M2JjN2M0YzAiOnsiY3JlYXRlIjoxODAwMDAwMDAwMDAwLCJkZWxldGUiOjE4MDAwMDAwMDAwMDAsInJlYWQiOjMwMDAwMDAwMDAwMCwidXBkYXRlIjoxODAwMDAwMDAwMDAwfSwic2NoZW1hX3ZlcnNpb24iOiIxIn0="
        }
      ]
    }
  ],
  "check_results": null
}
